// !$*UTF8*$!
{
	archiveVersion = 1;
	classes = {
	};
	objectVersion = 55;
	objects = {

/* Begin PBXBuildFile section */
		D0D8DB9627E8B20000E5DBDC /* AppDelegate.swift in Sources */ = {isa = PBXBuildFile; fileRef = D0D8DB9527E8B20000E5DBDC /* AppDelegate.swift */; };
		D0D8DB9827E8B20000E5DBDC /* SceneDelegate.swift in Sources */ = {isa = PBXBuildFile; fileRef = D0D8DB9727E8B20000E5DBDC /* SceneDelegate.swift */; };
		D0D8DB9D27E8B20000E5DBDC /* Main.storyboard in Resources */ = {isa = PBXBuildFile; fileRef = D0D8DB9B27E8B20000E5DBDC /* Main.storyboard */; };
		D0D8DB9F27E8B20200E5DBDC /* Assets.xcassets in Resources */ = {isa = PBXBuildFile; fileRef = D0D8DB9E27E8B20200E5DBDC /* Assets.xcassets */; };
		D0D8DBA227E8B20200E5DBDC /* LaunchScreen.storyboard in Resources */ = {isa = PBXBuildFile; fileRef = D0D8DBA027E8B20200E5DBDC /* LaunchScreen.storyboard */; };
		D0D8DBAA27E8B24800E5DBDC /* AlarmListViewController.swift in Sources */ = {isa = PBXBuildFile; fileRef = D0D8DBA927E8B24800E5DBDC /* AlarmListViewController.swift */; };
		D0D8DBAD27E8B38600E5DBDC /* AlertListCell.swift in Sources */ = {isa = PBXBuildFile; fileRef = D0D8DBAB27E8B38600E5DBDC /* AlertListCell.swift */; };
		D0D8DBAE27E8B38600E5DBDC /* AlertListCell.xib in Resources */ = {isa = PBXBuildFile; fileRef = D0D8DBAC27E8B38600E5DBDC /* AlertListCell.xib */; };
		D0D8DBB027E8B4DE00E5DBDC /* Alarm.swift in Sources */ = {isa = PBXBuildFile; fileRef = D0D8DBAF27E8B4DE00E5DBDC /* Alarm.swift */; };
		D0D8DBB227E8B70F00E5DBDC /* AddAlarmViewController.swift in Sources */ = {isa = PBXBuildFile; fileRef = D0D8DBB127E8B70F00E5DBDC /* AddAlarmViewController.swift */; };
/* End PBXBuildFile section */

/* Begin PBXFileReference section */
		D0D8DB9227E8B20000E5DBDC /* 12_Drink.app */ = {isa = PBXFileReference; explicitFileType = wrapper.application; includeInIndex = 0; path = 12_Drink.app; sourceTree = BUILT_PRODUCTS_DIR; };
		D0D8DB9527E8B20000E5DBDC /* AppDelegate.swift */ = {isa = PBXFileReference; lastKnownFileType = sourcecode.swift; path = AppDelegate.swift; sourceTree = "<group>"; };
		D0D8DB9727E8B20000E5DBDC /* SceneDelegate.swift */ = {isa = PBXFileReference; lastKnownFileType = sourcecode.swift; path = SceneDelegate.swift; sourceTree = "<group>"; };
		D0D8DB9C27E8B20000E5DBDC /* Base */ = {isa = PBXFileReference; lastKnownFileType = file.storyboard; name = Base; path = Base.lproj/Main.storyboard; sourceTree = "<group>"; };
		D0D8DB9E27E8B20200E5DBDC /* Assets.xcassets */ = {isa = PBXFileReference; lastKnownFileType = folder.assetcatalog; path = Assets.xcassets; sourceTree = "<group>"; };
		D0D8DBA127E8B20200E5DBDC /* Base */ = {isa = PBXFileReference; lastKnownFileType = file.storyboard; name = Base; path = Base.lproj/LaunchScreen.storyboard; sourceTree = "<group>"; };
		D0D8DBA327E8B20200E5DBDC /* Info.plist */ = {isa = PBXFileReference; lastKnownFileType = text.plist.xml; path = Info.plist; sourceTree = "<group>"; };
		D0D8DBA927E8B24800E5DBDC /* AlarmListViewController.swift */ = {isa = PBXFileReference; lastKnownFileType = sourcecode.swift; path = AlarmListViewController.swift; sourceTree = "<group>"; };
		D0D8DBAB27E8B38600E5DBDC /* AlertListCell.swift */ = {isa = PBXFileReference; lastKnownFileType = sourcecode.swift; path = AlertListCell.swift; sourceTree = "<group>"; };
		D0D8DBAC27E8B38600E5DBDC /* AlertListCell.xib */ = {isa = PBXFileReference; lastKnownFileType = file.xib; path = AlertListCell.xib; sourceTree = "<group>"; };
		D0D8DBAF27E8B4DE00E5DBDC /* Alarm.swift */ = {isa = PBXFileReference; lastKnownFileType = sourcecode.swift; path = Alarm.swift; sourceTree = "<group>"; };
		D0D8DBB127E8B70F00E5DBDC /* AddAlarmViewController.swift */ = {isa = PBXFileReference; lastKnownFileType = sourcecode.swift; path = AddAlarmViewController.swift; sourceTree = "<group>"; };
/* End PBXFileReference section */

/* Begin PBXFrameworksBuildPhase section */
		D0D8DB8F27E8B20000E5DBDC /* Frameworks */ = {
			isa = PBXFrameworksBuildPhase;
			buildActionMask = 2147483647;
			files = (
			);
			runOnlyForDeploymentPostprocessing = 0;
		};
/* End PBXFrameworksBuildPhase section */

/* Begin PBXGroup section */
		D0D8DB8927E8B20000E5DBDC = {
			isa = PBXGroup;
			children = (
				D0D8DB9427E8B20000E5DBDC /* 12_Drink */,
				D0D8DB9327E8B20000E5DBDC /* Products */,
			);
			sourceTree = "<group>";
		};
		D0D8DB9327E8B20000E5DBDC /* Products */ = {
			isa = PBXGroup;
			children = (
				D0D8DB9227E8B20000E5DBDC /* 12_Drink.app */,
			);
			name = Products;
			sourceTree = "<group>";
		};
		D0D8DB9427E8B20000E5DBDC /* 12_Drink */ = {
			isa = PBXGroup;
			children = (
				D0D8DB9527E8B20000E5DBDC /* AppDelegate.swift */,
				D0D8DB9727E8B20000E5DBDC /* SceneDelegate.swift */,
				D0D8DB9B27E8B20000E5DBDC /* Main.storyboard */,
				D0D8DBB127E8B70F00E5DBDC /* AddAlarmViewController.swift */,
				D0D8DBA927E8B24800E5DBDC /* AlarmListViewController.swift */,
				D0D8DBAF27E8B4DE00E5DBDC /* Alarm.swift */,
				D0D8DBAB27E8B38600E5DBDC /* AlertListCell.swift */,
				D0D8DBAC27E8B38600E5DBDC /* AlertListCell.xib */,
				D0D8DB9E27E8B20200E5DBDC /* Assets.xcassets */,
				D0D8DBA027E8B20200E5DBDC /* LaunchScreen.storyboard */,
				D0D8DBA327E8B20200E5DBDC /* Info.plist */,
			);
			path = 12_Drink;
			sourceTree = "<group>";
		};
/* End PBXGroup section */

/* Begin PBXNativeTarget section */
		D0D8DB9127E8B20000E5DBDC /* 12_Drink */ = {
			isa = PBXNativeTarget;
			buildConfigurationList = D0D8DBA627E8B20200E5DBDC /* Build configuration list for PBXNativeTarget "12_Drink" */;
			buildPhases = (
				D0D8DB8E27E8B20000E5DBDC /* Sources */,
				D0D8DB8F27E8B20000E5DBDC /* Frameworks */,
				D0D8DB9027E8B20000E5DBDC /* Resources */,
			);
			buildRules = (
			);
			dependencies = (
			);
			name = 12_Drink;
			productName = 12_Drink;
			productReference = D0D8DB9227E8B20000E5DBDC /* 12_Drink.app */;
			productType = "com.apple.product-type.application";
		};
/* End PBXNativeTarget section */

/* Begin PBXProject section */
		D0D8DB8A27E8B20000E5DBDC /* Project object */ = {
			isa = PBXProject;
			attributes = {
				BuildIndependentTargetsInParallel = 1;
				LastSwiftUpdateCheck = 1330;
				LastUpgradeCheck = 1330;
				TargetAttributes = {
					D0D8DB9127E8B20000E5DBDC = {
						CreatedOnToolsVersion = 13.3;
					};
				};
			};
			buildConfigurationList = D0D8DB8D27E8B20000E5DBDC /* Build configuration list for PBXProject "12_Drink" */;
			compatibilityVersion = "Xcode 13.0";
			developmentRegion = en;
			hasScannedForEncodings = 0;
			knownRegions = (
				en,
				Base,
			);
			mainGroup = D0D8DB8927E8B20000E5DBDC;
			productRefGroup = D0D8DB9327E8B20000E5DBDC /* Products */;
			projectDirPath = "";
			projectRoot = "";
			targets = (
				D0D8DB9127E8B20000E5DBDC /* 12_Drink */,
			);
		};
/* End PBXProject section */

/* Begin PBXResourcesBuildPhase section */
		D0D8DB9027E8B20000E5DBDC /* Resources */ = {
			isa = PBXResourcesBuildPhase;
			buildActionMask = 2147483647;
			files = (
				D0D8DBA227E8B20200E5DBDC /* LaunchScreen.storyboard in Resources */,
				D0D8DB9F27E8B20200E5DBDC /* Assets.xcassets in Resources */,
				D0D8DBAE27E8B38600E5DBDC /* AlertListCell.xib in Resources */,
				D0D8DB9D27E8B20000E5DBDC /* Main.storyboard in Resources */,
			);
			runOnlyForDeploymentPostprocessing = 0;
		};
/* End PBXResourcesBuildPhase section */

/* Begin PBXSourcesBuildPhase section */
		D0D8DB8E27E8B20000E5DBDC /* Sources */ = {
			isa = PBXSourcesBuildPhase;
			buildActionMask = 2147483647;
			files = (
				D0D8DBB227E8B70F00E5DBDC /* AddAlarmViewController.swift in Sources */,
				D0D8DB9627E8B20000E5DBDC /* AppDelegate.swift in Sources */,
				D0D8DBAA27E8B24800E5DBDC /* AlarmListViewController.swift in Sources */,
				D0D8DBB027E8B4DE00E5DBDC /* Alarm.swift in Sources */,
				D0D8DBAD27E8B38600E5DBDC /* AlertListCell.swift in Sources */,
				D0D8DB9827E8B20000E5DBDC /* SceneDelegate.swift in Sources */,
			);
			runOnlyForDeploymentPostprocessing = 0;
		};
/* End PBXSourcesBuildPhase section */

/* Begin PBXVariantGroup section */
		D0D8DB9B27E8B20000E5DBDC /* Main.storyboard */ = {
			isa = PBXVariantGroup;
			children = (
				D0D8DB9C27E8B20000E5DBDC /* Base */,
			);
			name = Main.storyboard;
			sourceTree = "<group>";
		};
		D0D8DBA027E8B20200E5DBDC /* LaunchScreen.storyboard */ = {
			isa = PBXVariantGroup;
			children = (
				D0D8DBA127E8B20200E5DBDC /* Base */,
			);
			name = LaunchScreen.storyboard;
			sourceTree = "<group>";
		};
/* End PBXVariantGroup section */

/* Begin XCBuildConfiguration section */
		D0D8DBA427E8B20200E5DBDC /* Debug */ = {
			isa = XCBuildConfiguration;
			buildSettings = {
				ALWAYS_SEARCH_USER_PATHS = NO;
				CLANG_ANALYZER_NONNULL = YES;
				CLANG_ANALYZER_NUMBER_OBJECT_CONVERSION = YES_AGGRESSIVE;
				CLANG_CXX_LANGUAGE_STANDARD = "gnu++17";
				CLANG_ENABLE_MODULES = YES;
				CLANG_ENABLE_OBJC_ARC = YES;
				CLANG_ENABLE_OBJC_WEAK = YES;
				CLANG_WARN_BLOCK_CAPTURE_AUTORELEASING = YES;
				CLANG_WARN_BOOL_CONVERSION = YES;
				CLANG_WARN_COMMA = YES;
				CLANG_WARN_CONSTANT_CONVERSION = YES;
				CLANG_WARN_DEPRECATED_OBJC_IMPLEMENTATIONS = YES;
				CLANG_WARN_DIRECT_OBJC_ISA_USAGE = YES_ERROR;
				CLANG_WARN_DOCUMENTATION_COMMENTS = YES;
				CLANG_WARN_EMPTY_BODY = YES;
				CLANG_WARN_ENUM_CONVERSION = YES;
				CLANG_WARN_INFINITE_RECURSION = YES;
				CLANG_WARN_INT_CONVERSION = YES;
				CLANG_WARN_NON_LITERAL_NULL_CONVERSION = YES;
				CLANG_WARN_OBJC_IMPLICIT_RETAIN_SELF = YES;
				CLANG_WARN_OBJC_LITERAL_CONVERSION = YES;
				CLANG_WARN_OBJC_ROOT_CLASS = YES_ERROR;
				CLANG_WARN_QUOTED_INCLUDE_IN_FRAMEWORK_HEADER = YES;
				CLANG_WARN_RANGE_LOOP_ANALYSIS = YES;
				CLANG_WARN_STRICT_PROTOTYPES = YES;
				CLANG_WARN_SUSPICIOUS_MOVE = YES;
				CLANG_WARN_UNGUARDED_AVAILABILITY = YES_AGGRESSIVE;
				CLANG_WARN_UNREACHABLE_CODE = YES;
				CLANG_WARN__DUPLICATE_METHOD_MATCH = YES;
				COPY_PHASE_STRIP = NO;
				DEBUG_INFORMATION_FORMAT = dwarf;
				ENABLE_STRICT_OBJC_MSGSEND = YES;
				ENABLE_TESTABILITY = YES;
				GCC_C_LANGUAGE_STANDARD = gnu11;
				GCC_DYNAMIC_NO_PIC = NO;
				GCC_NO_COMMON_BLOCKS = YES;
				GCC_OPTIMIZATION_LEVEL = 0;
				GCC_PREPROCESSOR_DEFINITIONS = (
					"DEBUG=1",
					"$(inherited)",
				);
				GCC_WARN_64_TO_32_BIT_CONVERSION = YES;
				GCC_WARN_ABOUT_RETURN_TYPE = YES_ERROR;
				GCC_WARN_UNDECLARED_SELECTOR = YES;
				GCC_WARN_UNINITIALIZED_AUTOS = YES_AGGRESSIVE;
				GCC_WARN_UNUSED_FUNCTION = YES;
				GCC_WARN_UNUSED_VARIABLE = YES;
				IPHONEOS_DEPLOYMENT_TARGET = 15.4;
				MTL_ENABLE_DEBUG_INFO = INCLUDE_SOURCE;
				MTL_FAST_MATH = YES;
				ONLY_ACTIVE_ARCH = YES;
				SDKROOT = iphoneos;
				SWIFT_ACTIVE_COMPILATION_CONDITIONS = DEBUG;
				SWIFT_OPTIMIZATION_LEVEL = "-Onone";
			};
			name = Debug;
		};
		D0D8DBA527E8B20200E5DBDC /* Release */ = {
			isa = XCBuildConfiguration;
			buildSettings = {
				ALWAYS_SEARCH_USER_PATHS = NO;
				CLANG_ANALYZER_NONNULL = YES;
				CLANG_ANALYZER_NUMBER_OBJECT_CONVERSION = YES_AGGRESSIVE;
				CLANG_CXX_LANGUAGE_STANDARD = "gnu++17";
				CLANG_ENABLE_MODULES = YES;
				CLANG_ENABLE_OBJC_ARC = YES;
				CLANG_ENABLE_OBJC_WEAK = YES;
				CLANG_WARN_BLOCK_CAPTURE_AUTORELEASING = YES;
				CLANG_WARN_BOOL_CONVERSION = YES;
				CLANG_WARN_COMMA = YES;
				CLANG_WARN_CONSTANT_CONVERSION = YES;
				CLANG_WARN_DEPRECATED_OBJC_IMPLEMENTATIONS = YES;
				CLANG_WARN_DIRECT_OBJC_ISA_USAGE = YES_ERROR;
				CLANG_WARN_DOCUMENTATION_COMMENTS = YES;
				CLANG_WARN_EMPTY_BODY = YES;
				CLANG_WARN_ENUM_CONVERSION = YES;
				CLANG_WARN_INFINITE_RECURSION = YES;
				CLANG_WARN_INT_CONVERSION = YES;
				CLANG_WARN_NON_LITERAL_NULL_CONVERSION = YES;
				CLANG_WARN_OBJC_IMPLICIT_RETAIN_SELF = YES;
				CLANG_WARN_OBJC_LITERAL_CONVERSION = YES;
				CLANG_WARN_OBJC_ROOT_CLASS = YES_ERROR;
				CLANG_WARN_QUOTED_INCLUDE_IN_FRAMEWORK_HEADER = YES;
				CLANG_WARN_RANGE_LOOP_ANALYSIS = YES;
				CLANG_WARN_STRICT_PROTOTYPES = YES;
				CLANG_WARN_SUSPICIOUS_MOVE = YES;
				CLANG_WARN_UNGUARDED_AVAILABILITY = YES_AGGRESSIVE;
				CLANG_WARN_UNREACHABLE_CODE = YES;
				CLANG_WARN__DUPLICATE_METHOD_MATCH = YES;
				COPY_PHASE_STRIP = NO;
				DEBUG_INFORMATION_FORMAT = "dwarf-with-dsym";
				ENABLE_NS_ASSERTIONS = NO;
				ENABLE_STRICT_OBJC_MSGSEND = YES;
				GCC_C_LANGUAGE_STANDARD = gnu11;
				GCC_NO_COMMON_BLOCKS = YES;
				GCC_WARN_64_TO_32_BIT_CONVERSION = YES;
				GCC_WARN_ABOUT_RETURN_TYPE = YES_ERROR;
				GCC_WARN_UNDECLARED_SELECTOR = YES;
				GCC_WARN_UNINITIALIZED_AUTOS = YES_AGGRESSIVE;
				GCC_WARN_UNUSED_FUNCTION = YES;
				GCC_WARN_UNUSED_VARIABLE = YES;
				IPHONEOS_DEPLOYMENT_TARGET = 15.4;
				MTL_ENABLE_DEBUG_INFO = NO;
				MTL_FAST_MATH = YES;
				SDKROOT = iphoneos;
				SWIFT_COMPILATION_MODE = wholemodule;
				SWIFT_OPTIMIZATION_LEVEL = "-O";
				VALIDATE_PRODUCT = YES;
			};
			name = Release;
		};
		D0D8DBA727E8B20200E5DBDC /* Debug */ = {
			isa = XCBuildConfiguration;
			buildSettings = {
				ASSETCATALOG_COMPILER_APPICON_NAME = AppIcon;
				ASSETCATALOG_COMPILER_GLOBAL_ACCENT_COLOR_NAME = AccentColor;
				CODE_SIGN_STYLE = Automatic;
				CURRENT_PROJECT_VERSION = 1;
				DEVELOPMENT_TEAM = G363Z4V6NY;
				GENERATE_INFOPLIST_FILE = YES;
				INFOPLIST_FILE = 12_Drink/Info.plist;
				INFOPLIST_KEY_UIApplicationSupportsIndirectInputEvents = YES;
				INFOPLIST_KEY_UILaunchStoryboardName = LaunchScreen;
				INFOPLIST_KEY_UIMainStoryboardFile = Main;
				INFOPLIST_KEY_UISupportedInterfaceOrientations_iPad = "UIInterfaceOrientationPortrait UIInterfaceOrientationPortraitUpsideDown UIInterfaceOrientationLandscapeLeft UIInterfaceOrientationLandscapeRight";
				INFOPLIST_KEY_UISupportedInterfaceOrientations_iPhone = "UIInterfaceOrientationPortrait UIInterfaceOrientationLandscapeLeft UIInterfaceOrientationLandscapeRight";
				LD_RUNPATH_SEARCH_PATHS = (
					"$(inherited)",
					"@executable_path/Frameworks",
				);
				MARKETING_VERSION = 1.0;
				PRODUCT_BUNDLE_IDENTIFIER = "com.uniqueimaginate.-2-Drink";
				PRODUCT_NAME = "$(TARGET_NAME)";
				SWIFT_EMIT_LOC_STRINGS = YES;
				SWIFT_VERSION = 5.0;
				TARGETED_DEVICE_FAMILY = "1,2";
			};
			name = Debug;
		};
		D0D8DBA827E8B20200E5DBDC /* Release */ = {
			isa = XCBuildConfiguration;
			buildSettings = {
				ASSETCATALOG_COMPILER_APPICON_NAME = AppIcon;
				ASSETCATALOG_COMPILER_GLOBAL_ACCENT_COLOR_NAME = AccentColor;
				CODE_SIGN_STYLE = Automatic;
				CURRENT_PROJECT_VERSION = 1;
				DEVELOPMENT_TEAM = G363Z4V6NY;
				GENERATE_INFOPLIST_FILE = YES;
				INFOPLIST_FILE = 12_Drink/Info.plist;
				INFOPLIST_KEY_UIApplicationSupportsIndirectInputEvents = YES;
				INFOPLIST_KEY_UILaunchStoryboardName = LaunchScreen;
				INFOPLIST_KEY_UIMainStoryboardFile = Main;
				INFOPLIST_KEY_UISupportedInterfaceOrientations_iPad = "UIInterfaceOrientationPortrait UIInterfaceOrientationPortraitUpsideDown UIInterfaceOrientationLandscapeLeft UIInterfaceOrientationLandscapeRight";
				INFOPLIST_KEY_UISupportedInterfaceOrientations_iPhone = "UIInterfaceOrientationPortrait UIInterfaceOrientationLandscapeLeft UIInterfaceOrientationLandscapeRight";
				LD_RUNPATH_SEARCH_PATHS = (
					"$(inherited)",
					"@executable_path/Frameworks",
				);
				MARKETING_VERSION = 1.0;
				PRODUCT_BUNDLE_IDENTIFIER = "com.uniqueimaginate.-2-Drink";
				PRODUCT_NAME = "$(TARGET_NAME)";
				SWIFT_EMIT_LOC_STRINGS = YES;
				SWIFT_VERSION = 5.0;
				TARGETED_DEVICE_FAMILY = "1,2";
			};
			name = Release;
		};
/* End XCBuildConfiguration section */

/* Begin XCConfigurationList section */
		D0D8DB8D27E8B20000E5DBDC /* Build configuration list for PBXProject "12_Drink" */ = {
			isa = XCConfigurationList;
			buildConfigurations = (
				D0D8DBA427E8B20200E5DBDC /* Debug */,
				D0D8DBA527E8B20200E5DBDC /* Release */,
			);
			defaultConfigurationIsVisible = 0;
			defaultConfigurationName = Release;
		};
		D0D8DBA627E8B20200E5DBDC /* Build configuration list for PBXNativeTarget "12_Drink" */ = {
			isa = XCConfigurationList;
			buildConfigurations = (
				D0D8DBA727E8B20200E5DBDC /* Debug */,
				D0D8DBA827E8B20200E5DBDC /* Release */,
			);
			defaultConfigurationIsVisible = 0;
			defaultConfigurationName = Release;
		};
/* End XCConfigurationList section */
	};
	rootObject = D0D8DB8A27E8B20000E5DBDC /* Project object */;
}
