// !$*UTF8*$!
{
	archiveVersion = 1;
	classes = {
	};
	objectVersion = 55;
	objects = {

/* Begin PBXBuildFile section */
		D0529EEC27ECAAED0080E293 /* AppDelegate.swift in Sources */ = {isa = PBXBuildFile; fileRef = D0529EEB27ECAAED0080E293 /* AppDelegate.swift */; };
		D0529EEE27ECAAED0080E293 /* SceneDelegate.swift in Sources */ = {isa = PBXBuildFile; fileRef = D0529EED27ECAAED0080E293 /* SceneDelegate.swift */; };
		D0529EF527ECAAEF0080E293 /* Assets.xcassets in Resources */ = {isa = PBXBuildFile; fileRef = D0529EF427ECAAEF0080E293 /* Assets.xcassets */; };
		D0529EF827ECAAEF0080E293 /* LaunchScreen.storyboard in Resources */ = {isa = PBXBuildFile; fileRef = D0529EF627ECAAEF0080E293 /* LaunchScreen.storyboard */; };
		D0529F0027ECAB870080E293 /* HomeViewController.swift in Sources */ = {isa = PBXBuildFile; fileRef = D0529EFF27ECAB870080E293 /* HomeViewController.swift */; };
		D0529F0327ECAC8B0080E293 /* SnapKit in Frameworks */ = {isa = PBXBuildFile; productRef = D0529F0227ECAC8B0080E293 /* SnapKit */; };
		D0529F0527ECAE630080E293 /* Content.plist in Resources */ = {isa = PBXBuildFile; fileRef = D0529F0427ECAE630080E293 /* Content.plist */; };
		D0529F0727ECAE860080E293 /* Content.swift in Sources */ = {isa = PBXBuildFile; fileRef = D0529F0627ECAE860080E293 /* Content.swift */; };
		D0529F0927ECB12E0080E293 /* ContentCollectionViewCell.swift in Sources */ = {isa = PBXBuildFile; fileRef = D0529F0827ECB12E0080E293 /* ContentCollectionViewCell.swift */; };
		D0529F0B27ECB2A70080E293 /* ContentCollectionViewHeader.swift in Sources */ = {isa = PBXBuildFile; fileRef = D0529F0A27ECB2A70080E293 /* ContentCollectionViewHeader.swift */; };
		D0529F0D27ECBC330080E293 /* ContentCollectionViewRankCell.swift in Sources */ = {isa = PBXBuildFile; fileRef = D0529F0C27ECBC330080E293 /* ContentCollectionViewRankCell.swift */; };
/* End PBXBuildFile section */

/* Begin PBXFileReference section */
		D0529EE827ECAAED0080E293 /* 14_NetflixStyleSampleApp.app */ = {isa = PBXFileReference; explicitFileType = wrapper.application; includeInIndex = 0; path = 14_NetflixStyleSampleApp.app; sourceTree = BUILT_PRODUCTS_DIR; };
		D0529EEB27ECAAED0080E293 /* AppDelegate.swift */ = {isa = PBXFileReference; lastKnownFileType = sourcecode.swift; path = AppDelegate.swift; sourceTree = "<group>"; };
		D0529EED27ECAAED0080E293 /* SceneDelegate.swift */ = {isa = PBXFileReference; lastKnownFileType = sourcecode.swift; path = SceneDelegate.swift; sourceTree = "<group>"; };
		D0529EF427ECAAEF0080E293 /* Assets.xcassets */ = {isa = PBXFileReference; lastKnownFileType = folder.assetcatalog; path = Assets.xcassets; sourceTree = "<group>"; };
		D0529EF727ECAAEF0080E293 /* Base */ = {isa = PBXFileReference; lastKnownFileType = file.storyboard; name = Base; path = Base.lproj/LaunchScreen.storyboard; sourceTree = "<group>"; };
		D0529EF927ECAAEF0080E293 /* Info.plist */ = {isa = PBXFileReference; lastKnownFileType = text.plist.xml; path = Info.plist; sourceTree = "<group>"; };
		D0529EFF27ECAB870080E293 /* HomeViewController.swift */ = {isa = PBXFileReference; lastKnownFileType = sourcecode.swift; path = HomeViewController.swift; sourceTree = "<group>"; };
		D0529F0427ECAE630080E293 /* Content.plist */ = {isa = PBXFileReference; fileEncoding = 4; lastKnownFileType = text.plist.xml; path = Content.plist; sourceTree = "<group>"; };
		D0529F0627ECAE860080E293 /* Content.swift */ = {isa = PBXFileReference; lastKnownFileType = sourcecode.swift; path = Content.swift; sourceTree = "<group>"; };
		D0529F0827ECB12E0080E293 /* ContentCollectionViewCell.swift */ = {isa = PBXFileReference; lastKnownFileType = sourcecode.swift; path = ContentCollectionViewCell.swift; sourceTree = "<group>"; };
		D0529F0A27ECB2A70080E293 /* ContentCollectionViewHeader.swift */ = {isa = PBXFileReference; lastKnownFileType = sourcecode.swift; path = ContentCollectionViewHeader.swift; sourceTree = "<group>"; };
		D0529F0C27ECBC330080E293 /* ContentCollectionViewRankCell.swift */ = {isa = PBXFileReference; lastKnownFileType = sourcecode.swift; path = ContentCollectionViewRankCell.swift; sourceTree = "<group>"; };
/* End PBXFileReference section */

/* Begin PBXFrameworksBuildPhase section */
		D0529EE527ECAAED0080E293 /* Frameworks */ = {
			isa = PBXFrameworksBuildPhase;
			buildActionMask = 2147483647;
			files = (
				D0529F0327ECAC8B0080E293 /* SnapKit in Frameworks */,
			);
			runOnlyForDeploymentPostprocessing = 0;
		};
/* End PBXFrameworksBuildPhase section */

/* Begin PBXGroup section */
		D0529EDF27ECAAED0080E293 = {
			isa = PBXGroup;
			children = (
				D0529EEA27ECAAED0080E293 /* 14_NetflixStyleSampleApp */,
				D0529EE927ECAAED0080E293 /* Products */,
			);
			sourceTree = "<group>";
		};
		D0529EE927ECAAED0080E293 /* Products */ = {
			isa = PBXGroup;
			children = (
				D0529EE827ECAAED0080E293 /* 14_NetflixStyleSampleApp.app */,
			);
			name = Products;
			sourceTree = "<group>";
		};
		D0529EEA27ECAAED0080E293 /* 14_NetflixStyleSampleApp */ = {
			isa = PBXGroup;
			children = (
				D0529EEB27ECAAED0080E293 /* AppDelegate.swift */,
				D0529EED27ECAAED0080E293 /* SceneDelegate.swift */,
				D0529EF427ECAAEF0080E293 /* Assets.xcassets */,
				D0529EF627ECAAEF0080E293 /* LaunchScreen.storyboard */,
				D0529EF927ECAAEF0080E293 /* Info.plist */,
				D0529EFF27ECAB870080E293 /* HomeViewController.swift */,
				D0529F0627ECAE860080E293 /* Content.swift */,
				D0529F0C27ECBC330080E293 /* ContentCollectionViewRankCell.swift */,
				D0529F0A27ECB2A70080E293 /* ContentCollectionViewHeader.swift */,
				D0529F0827ECB12E0080E293 /* ContentCollectionViewCell.swift */,
				D0529F0427ECAE630080E293 /* Content.plist */,
			);
			path = 14_NetflixStyleSampleApp;
			sourceTree = "<group>";
		};
/* End PBXGroup section */

/* Begin PBXNativeTarget section */
		D0529EE727ECAAED0080E293 /* 14_NetflixStyleSampleApp */ = {
			isa = PBXNativeTarget;
			buildConfigurationList = D0529EFC27ECAAEF0080E293 /* Build configuration list for PBXNativeTarget "14_NetflixStyleSampleApp" */;
			buildPhases = (
				D0529EE427ECAAED0080E293 /* Sources */,
				D0529EE527ECAAED0080E293 /* Frameworks */,
				D0529EE627ECAAED0080E293 /* Resources */,
			);
			buildRules = (
			);
			dependencies = (
			);
			name = 14_NetflixStyleSampleApp;
			packageProductDependencies = (
				D0529F0227ECAC8B0080E293 /* SnapKit */,
			);
			productName = 14_NetflixStyleSampleApp;
			productReference = D0529EE827ECAAED0080E293 /* 14_NetflixStyleSampleApp.app */;
			productType = "com.apple.product-type.application";
		};
/* End PBXNativeTarget section */

/* Begin PBXProject section */
		D0529EE027ECAAED0080E293 /* Project object */ = {
			isa = PBXProject;
			attributes = {
				BuildIndependentTargetsInParallel = 1;
				LastSwiftUpdateCheck = 1330;
				LastUpgradeCheck = 1330;
				TargetAttributes = {
					D0529EE727ECAAED0080E293 = {
						CreatedOnToolsVersion = 13.3;
					};
				};
			};
			buildConfigurationList = D0529EE327ECAAED0080E293 /* Build configuration list for PBXProject "14_NetflixStyleSampleApp" */;
			compatibilityVersion = "Xcode 13.0";
			developmentRegion = en;
			hasScannedForEncodings = 0;
			knownRegions = (
				en,
				Base,
			);
			mainGroup = D0529EDF27ECAAED0080E293;
			packageReferences = (
				D0529F0127ECAC8B0080E293 /* XCRemoteSwiftPackageReference "SnapKit" */,
			);
			productRefGroup = D0529EE927ECAAED0080E293 /* Products */;
			projectDirPath = "";
			projectRoot = "";
			targets = (
				D0529EE727ECAAED0080E293 /* 14_NetflixStyleSampleApp */,
			);
		};
/* End PBXProject section */

/* Begin PBXResourcesBuildPhase section */
		D0529EE627ECAAED0080E293 /* Resources */ = {
			isa = PBXResourcesBuildPhase;
			buildActionMask = 2147483647;
			files = (
				D0529EF827ECAAEF0080E293 /* LaunchScreen.storyboard in Resources */,
				D0529EF527ECAAEF0080E293 /* Assets.xcassets in Resources */,
				D0529F0527ECAE630080E293 /* Content.plist in Resources */,
			);
			runOnlyForDeploymentPostprocessing = 0;
		};
/* End PBXResourcesBuildPhase section */

/* Begin PBXSourcesBuildPhase section */
		D0529EE427ECAAED0080E293 /* Sources */ = {
			isa = PBXSourcesBuildPhase;
			buildActionMask = 2147483647;
			files = (
				D0529EEC27ECAAED0080E293 /* AppDelegate.swift in Sources */,
				D0529F0B27ECB2A70080E293 /* ContentCollectionViewHeader.swift in Sources */,
				D0529EEE27ECAAED0080E293 /* SceneDelegate.swift in Sources */,
				D0529F0D27ECBC330080E293 /* ContentCollectionViewRankCell.swift in Sources */,
				D0529F0027ECAB870080E293 /* HomeViewController.swift in Sources */,
				D0529F0727ECAE860080E293 /* Content.swift in Sources */,
				D0529F0927ECB12E0080E293 /* ContentCollectionViewCell.swift in Sources */,
			);
			runOnlyForDeploymentPostprocessing = 0;
		};
/* End PBXSourcesBuildPhase section */

/* Begin PBXVariantGroup section */
		D0529EF627ECAAEF0080E293 /* LaunchScreen.storyboard */ = {
			isa = PBXVariantGroup;
			children = (
				D0529EF727ECAAEF0080E293 /* Base */,
			);
			name = LaunchScreen.storyboard;
			sourceTree = "<group>";
		};
/* End PBXVariantGroup section */

/* Begin XCBuildConfiguration section */
		D0529EFA27ECAAEF0080E293 /* Debug */ = {
			isa = XCBuildConfiguration;
			buildSettings = {
				ALWAYS_SEARCH_USER_PATHS = NO;
				CLANG_ANALYZER_NONNULL = YES;
				CLANG_ANALYZER_NUMBER_OBJECT_CONVERSION = YES_AGGRESSIVE;
				CLANG_CXX_LANGUAGE_STANDARD = "gnu++17";
				CLANG_ENABLE_MODULES = YES;
				CLANG_ENABLE_OBJC_ARC = YES;
				CLANG_ENABLE_OBJC_WEAK = YES;
				CLANG_WARN_BLOCK_CAPTURE_AUTORELEASING = YES;
				CLANG_WARN_BOOL_CONVERSION = YES;
				CLANG_WARN_COMMA = YES;
				CLANG_WARN_CONSTANT_CONVERSION = YES;
				CLANG_WARN_DEPRECATED_OBJC_IMPLEMENTATIONS = YES;
				CLANG_WARN_DIRECT_OBJC_ISA_USAGE = YES_ERROR;
				CLANG_WARN_DOCUMENTATION_COMMENTS = YES;
				CLANG_WARN_EMPTY_BODY = YES;
				CLANG_WARN_ENUM_CONVERSION = YES;
				CLANG_WARN_INFINITE_RECURSION = YES;
				CLANG_WARN_INT_CONVERSION = YES;
				CLANG_WARN_NON_LITERAL_NULL_CONVERSION = YES;
				CLANG_WARN_OBJC_IMPLICIT_RETAIN_SELF = YES;
				CLANG_WARN_OBJC_LITERAL_CONVERSION = YES;
				CLANG_WARN_OBJC_ROOT_CLASS = YES_ERROR;
				CLANG_WARN_QUOTED_INCLUDE_IN_FRAMEWORK_HEADER = YES;
				CLANG_WARN_RANGE_LOOP_ANALYSIS = YES;
				CLANG_WARN_STRICT_PROTOTYPES = YES;
				CLANG_WARN_SUSPICIOUS_MOVE = YES;
				CLANG_WARN_UNGUARDED_AVAILABILITY = YES_AGGRESSIVE;
				CLANG_WARN_UNREACHABLE_CODE = YES;
				CLANG_WARN__DUPLICATE_METHOD_MATCH = YES;
				COPY_PHASE_STRIP = NO;
				DEBUG_INFORMATION_FORMAT = dwarf;
				ENABLE_STRICT_OBJC_MSGSEND = YES;
				ENABLE_TESTABILITY = YES;
				GCC_C_LANGUAGE_STANDARD = gnu11;
				GCC_DYNAMIC_NO_PIC = NO;
				GCC_NO_COMMON_BLOCKS = YES;
				GCC_OPTIMIZATION_LEVEL = 0;
				GCC_PREPROCESSOR_DEFINITIONS = (
					"DEBUG=1",
					"$(inherited)",
				);
				GCC_WARN_64_TO_32_BIT_CONVERSION = YES;
				GCC_WARN_ABOUT_RETURN_TYPE = YES_ERROR;
				GCC_WARN_UNDECLARED_SELECTOR = YES;
				GCC_WARN_UNINITIALIZED_AUTOS = YES_AGGRESSIVE;
				GCC_WARN_UNUSED_FUNCTION = YES;
				GCC_WARN_UNUSED_VARIABLE = YES;
				IPHONEOS_DEPLOYMENT_TARGET = 15.4;
				MTL_ENABLE_DEBUG_INFO = INCLUDE_SOURCE;
				MTL_FAST_MATH = YES;
				ONLY_ACTIVE_ARCH = YES;
				SDKROOT = iphoneos;
				SWIFT_ACTIVE_COMPILATION_CONDITIONS = DEBUG;
				SWIFT_OPTIMIZATION_LEVEL = "-Onone";
			};
			name = Debug;
		};
		D0529EFB27ECAAEF0080E293 /* Release */ = {
			isa = XCBuildConfiguration;
			buildSettings = {
				ALWAYS_SEARCH_USER_PATHS = NO;
				CLANG_ANALYZER_NONNULL = YES;
				CLANG_ANALYZER_NUMBER_OBJECT_CONVERSION = YES_AGGRESSIVE;
				CLANG_CXX_LANGUAGE_STANDARD = "gnu++17";
				CLANG_ENABLE_MODULES = YES;
				CLANG_ENABLE_OBJC_ARC = YES;
				CLANG_ENABLE_OBJC_WEAK = YES;
				CLANG_WARN_BLOCK_CAPTURE_AUTORELEASING = YES;
				CLANG_WARN_BOOL_CONVERSION = YES;
				CLANG_WARN_COMMA = YES;
				CLANG_WARN_CONSTANT_CONVERSION = YES;
				CLANG_WARN_DEPRECATED_OBJC_IMPLEMENTATIONS = YES;
				CLANG_WARN_DIRECT_OBJC_ISA_USAGE = YES_ERROR;
				CLANG_WARN_DOCUMENTATION_COMMENTS = YES;
				CLANG_WARN_EMPTY_BODY = YES;
				CLANG_WARN_ENUM_CONVERSION = YES;
				CLANG_WARN_INFINITE_RECURSION = YES;
				CLANG_WARN_INT_CONVERSION = YES;
				CLANG_WARN_NON_LITERAL_NULL_CONVERSION = YES;
				CLANG_WARN_OBJC_IMPLICIT_RETAIN_SELF = YES;
				CLANG_WARN_OBJC_LITERAL_CONVERSION = YES;
				CLANG_WARN_OBJC_ROOT_CLASS = YES_ERROR;
				CLANG_WARN_QUOTED_INCLUDE_IN_FRAMEWORK_HEADER = YES;
				CLANG_WARN_RANGE_LOOP_ANALYSIS = YES;
				CLANG_WARN_STRICT_PROTOTYPES = YES;
				CLANG_WARN_SUSPICIOUS_MOVE = YES;
				CLANG_WARN_UNGUARDED_AVAILABILITY = YES_AGGRESSIVE;
				CLANG_WARN_UNREACHABLE_CODE = YES;
				CLANG_WARN__DUPLICATE_METHOD_MATCH = YES;
				COPY_PHASE_STRIP = NO;
				DEBUG_INFORMATION_FORMAT = "dwarf-with-dsym";
				ENABLE_NS_ASSERTIONS = NO;
				ENABLE_STRICT_OBJC_MSGSEND = YES;
				GCC_C_LANGUAGE_STANDARD = gnu11;
				GCC_NO_COMMON_BLOCKS = YES;
				GCC_WARN_64_TO_32_BIT_CONVERSION = YES;
				GCC_WARN_ABOUT_RETURN_TYPE = YES_ERROR;
				GCC_WARN_UNDECLARED_SELECTOR = YES;
				GCC_WARN_UNINITIALIZED_AUTOS = YES_AGGRESSIVE;
				GCC_WARN_UNUSED_FUNCTION = YES;
				GCC_WARN_UNUSED_VARIABLE = YES;
				IPHONEOS_DEPLOYMENT_TARGET = 15.4;
				MTL_ENABLE_DEBUG_INFO = NO;
				MTL_FAST_MATH = YES;
				SDKROOT = iphoneos;
				SWIFT_COMPILATION_MODE = wholemodule;
				SWIFT_OPTIMIZATION_LEVEL = "-O";
				VALIDATE_PRODUCT = YES;
			};
			name = Release;
		};
		D0529EFD27ECAAEF0080E293 /* Debug */ = {
			isa = XCBuildConfiguration;
			buildSettings = {
				ASSETCATALOG_COMPILER_APPICON_NAME = AppIcon;
				ASSETCATALOG_COMPILER_GLOBAL_ACCENT_COLOR_NAME = AccentColor;
				CODE_SIGN_STYLE = Automatic;
				CURRENT_PROJECT_VERSION = 1;
				DEVELOPMENT_TEAM = G363Z4V6NY;
				GENERATE_INFOPLIST_FILE = YES;
				INFOPLIST_FILE = 14_NetflixStyleSampleApp/Info.plist;
				INFOPLIST_KEY_UIApplicationSupportsIndirectInputEvents = YES;
				INFOPLIST_KEY_UILaunchStoryboardName = LaunchScreen;
				INFOPLIST_KEY_UISupportedInterfaceOrientations_iPad = "UIInterfaceOrientationPortrait UIInterfaceOrientationPortraitUpsideDown UIInterfaceOrientationLandscapeLeft UIInterfaceOrientationLandscapeRight";
				INFOPLIST_KEY_UISupportedInterfaceOrientations_iPhone = "UIInterfaceOrientationPortrait UIInterfaceOrientationLandscapeLeft UIInterfaceOrientationLandscapeRight";
				LD_RUNPATH_SEARCH_PATHS = (
					"$(inherited)",
					"@executable_path/Frameworks",
				);
				MARKETING_VERSION = 1.0;
				PRODUCT_BUNDLE_IDENTIFIER = "com.uniqueimaginate.-4-NetflixStyleSampleApp";
				PRODUCT_NAME = "$(TARGET_NAME)";
				SWIFT_EMIT_LOC_STRINGS = YES;
				SWIFT_VERSION = 5.0;
				TARGETED_DEVICE_FAMILY = "1,2";
			};
			name = Debug;
		};
		D0529EFE27ECAAEF0080E293 /* Release */ = {
			isa = XCBuildConfiguration;
			buildSettings = {
				ASSETCATALOG_COMPILER_APPICON_NAME = AppIcon;
				ASSETCATALOG_COMPILER_GLOBAL_ACCENT_COLOR_NAME = AccentColor;
				CODE_SIGN_STYLE = Automatic;
				CURRENT_PROJECT_VERSION = 1;
				DEVELOPMENT_TEAM = G363Z4V6NY;
				GENERATE_INFOPLIST_FILE = YES;
				INFOPLIST_FILE = 14_NetflixStyleSampleApp/Info.plist;
				INFOPLIST_KEY_UIApplicationSupportsIndirectInputEvents = YES;
				INFOPLIST_KEY_UILaunchStoryboardName = LaunchScreen;
				INFOPLIST_KEY_UISupportedInterfaceOrientations_iPad = "UIInterfaceOrientationPortrait UIInterfaceOrientationPortraitUpsideDown UIInterfaceOrientationLandscapeLeft UIInterfaceOrientationLandscapeRight";
				INFOPLIST_KEY_UISupportedInterfaceOrientations_iPhone = "UIInterfaceOrientationPortrait UIInterfaceOrientationLandscapeLeft UIInterfaceOrientationLandscapeRight";
				LD_RUNPATH_SEARCH_PATHS = (
					"$(inherited)",
					"@executable_path/Frameworks",
				);
				MARKETING_VERSION = 1.0;
				PRODUCT_BUNDLE_IDENTIFIER = "com.uniqueimaginate.-4-NetflixStyleSampleApp";
				PRODUCT_NAME = "$(TARGET_NAME)";
				SWIFT_EMIT_LOC_STRINGS = YES;
				SWIFT_VERSION = 5.0;
				TARGETED_DEVICE_FAMILY = "1,2";
			};
			name = Release;
		};
/* End XCBuildConfiguration section */

/* Begin XCConfigurationList section */
		D0529EE327ECAAED0080E293 /* Build configuration list for PBXProject "14_NetflixStyleSampleApp" */ = {
			isa = XCConfigurationList;
			buildConfigurations = (
				D0529EFA27ECAAEF0080E293 /* Debug */,
				D0529EFB27ECAAEF0080E293 /* Release */,
			);
			defaultConfigurationIsVisible = 0;
			defaultConfigurationName = Release;
		};
		D0529EFC27ECAAEF0080E293 /* Build configuration list for PBXNativeTarget "14_NetflixStyleSampleApp" */ = {
			isa = XCConfigurationList;
			buildConfigurations = (
				D0529EFD27ECAAEF0080E293 /* Debug */,
				D0529EFE27ECAAEF0080E293 /* Release */,
			);
			defaultConfigurationIsVisible = 0;
			defaultConfigurationName = Release;
		};
/* End XCConfigurationList section */

/* Begin XCRemoteSwiftPackageReference section */
		D0529F0127ECAC8B0080E293 /* XCRemoteSwiftPackageReference "SnapKit" */ = {
			isa = XCRemoteSwiftPackageReference;
			repositoryURL = "https://github.com/SnapKit/SnapKit.git";
			requirement = {
				kind = upToNextMajorVersion;
				minimumVersion = 5.0.0;
			};
		};
/* End XCRemoteSwiftPackageReference section */

/* Begin XCSwiftPackageProductDependency section */
		D0529F0227ECAC8B0080E293 /* SnapKit */ = {
			isa = XCSwiftPackageProductDependency;
			package = D0529F0127ECAC8B0080E293 /* XCRemoteSwiftPackageReference "SnapKit" */;
			productName = SnapKit;
		};
/* End XCSwiftPackageProductDependency section */
	};
	rootObject = D0529EE027ECAAED0080E293 /* Project object */;
}
