// !$*UTF8*$!
{
	archiveVersion = 1;
	classes = {
	};
	objectVersion = 55;
	objects = {

/* Begin PBXBuildFile section */
		B098A2AA505E7756541BE488 /* Pods_11_Notice.framework in Frameworks */ = {isa = PBXBuildFile; fileRef = E7D27720E52A234A82C8409F /* Pods_11_Notice.framework */; };
		D06E141527E76F13009350E4 /* AppDelegate.swift in Sources */ = {isa = PBXBuildFile; fileRef = D06E141427E76F13009350E4 /* AppDelegate.swift */; };
		D06E141727E76F13009350E4 /* SceneDelegate.swift in Sources */ = {isa = PBXBuildFile; fileRef = D06E141627E76F13009350E4 /* SceneDelegate.swift */; };
		D06E141927E76F13009350E4 /* ViewController.swift in Sources */ = {isa = PBXBuildFile; fileRef = D06E141827E76F13009350E4 /* ViewController.swift */; };
		D06E141C27E76F13009350E4 /* Main.storyboard in Resources */ = {isa = PBXBuildFile; fileRef = D06E141A27E76F13009350E4 /* Main.storyboard */; };
		D06E141E27E76F16009350E4 /* Assets.xcassets in Resources */ = {isa = PBXBuildFile; fileRef = D06E141D27E76F16009350E4 /* Assets.xcassets */; };
		D06E142127E76F16009350E4 /* LaunchScreen.storyboard in Resources */ = {isa = PBXBuildFile; fileRef = D06E141F27E76F16009350E4 /* LaunchScreen.storyboard */; };
		D06E142A27E76F4A009350E4 /* NoticeViewController.swift in Sources */ = {isa = PBXBuildFile; fileRef = D06E142827E76F4A009350E4 /* NoticeViewController.swift */; };
		D06E142B27E76F4A009350E4 /* NoticeViewController.xib in Resources */ = {isa = PBXBuildFile; fileRef = D06E142927E76F4A009350E4 /* NoticeViewController.xib */; };
		D06E142D27E77292009350E4 /* GoogleService-Info.plist in Resources */ = {isa = PBXBuildFile; fileRef = D06E142C27E77292009350E4 /* GoogleService-Info.plist */; };
/* End PBXBuildFile section */

/* Begin PBXFileReference section */
		AE0A2F2170441556DB8A5A5C /* Pods-11_Notice.debug.xcconfig */ = {isa = PBXFileReference; includeInIndex = 1; lastKnownFileType = text.xcconfig; name = "Pods-11_Notice.debug.xcconfig"; path = "Target Support Files/Pods-11_Notice/Pods-11_Notice.debug.xcconfig"; sourceTree = "<group>"; };
		D06E141127E76F13009350E4 /* 11_Notice.app */ = {isa = PBXFileReference; explicitFileType = wrapper.application; includeInIndex = 0; path = 11_Notice.app; sourceTree = BUILT_PRODUCTS_DIR; };
		D06E141427E76F13009350E4 /* AppDelegate.swift */ = {isa = PBXFileReference; lastKnownFileType = sourcecode.swift; path = AppDelegate.swift; sourceTree = "<group>"; };
		D06E141627E76F13009350E4 /* SceneDelegate.swift */ = {isa = PBXFileReference; lastKnownFileType = sourcecode.swift; path = SceneDelegate.swift; sourceTree = "<group>"; };
		D06E141827E76F13009350E4 /* ViewController.swift */ = {isa = PBXFileReference; lastKnownFileType = sourcecode.swift; path = ViewController.swift; sourceTree = "<group>"; };
		D06E141B27E76F13009350E4 /* Base */ = {isa = PBXFileReference; lastKnownFileType = file.storyboard; name = Base; path = Base.lproj/Main.storyboard; sourceTree = "<group>"; };
		D06E141D27E76F16009350E4 /* Assets.xcassets */ = {isa = PBXFileReference; lastKnownFileType = folder.assetcatalog; path = Assets.xcassets; sourceTree = "<group>"; };
		D06E142027E76F16009350E4 /* Base */ = {isa = PBXFileReference; lastKnownFileType = file.storyboard; name = Base; path = Base.lproj/LaunchScreen.storyboard; sourceTree = "<group>"; };
		D06E142227E76F16009350E4 /* Info.plist */ = {isa = PBXFileReference; lastKnownFileType = text.plist.xml; path = Info.plist; sourceTree = "<group>"; };
		D06E142827E76F4A009350E4 /* NoticeViewController.swift */ = {isa = PBXFileReference; lastKnownFileType = sourcecode.swift; path = NoticeViewController.swift; sourceTree = "<group>"; };
		D06E142927E76F4A009350E4 /* NoticeViewController.xib */ = {isa = PBXFileReference; lastKnownFileType = file.xib; path = NoticeViewController.xib; sourceTree = "<group>"; };
		D06E142C27E77292009350E4 /* GoogleService-Info.plist */ = {isa = PBXFileReference; fileEncoding = 4; lastKnownFileType = text.plist.xml; path = "GoogleService-Info.plist"; sourceTree = "<group>"; };
		D903EF8D2DDD260A120447C0 /* Pods-11_Notice.release.xcconfig */ = {isa = PBXFileReference; includeInIndex = 1; lastKnownFileType = text.xcconfig; name = "Pods-11_Notice.release.xcconfig"; path = "Target Support Files/Pods-11_Notice/Pods-11_Notice.release.xcconfig"; sourceTree = "<group>"; };
		E7D27720E52A234A82C8409F /* Pods_11_Notice.framework */ = {isa = PBXFileReference; explicitFileType = wrapper.framework; includeInIndex = 0; path = Pods_11_Notice.framework; sourceTree = BUILT_PRODUCTS_DIR; };
/* End PBXFileReference section */

/* Begin PBXFrameworksBuildPhase section */
		D06E140E27E76F13009350E4 /* Frameworks */ = {
			isa = PBXFrameworksBuildPhase;
			buildActionMask = 2147483647;
			files = (
				B098A2AA505E7756541BE488 /* Pods_11_Notice.framework in Frameworks */,
			);
			runOnlyForDeploymentPostprocessing = 0;
		};
/* End PBXFrameworksBuildPhase section */

/* Begin PBXGroup section */
		CB706E9CEDA38CFAC30D9410 /* Frameworks */ = {
			isa = PBXGroup;
			children = (
				E7D27720E52A234A82C8409F /* Pods_11_Notice.framework */,
			);
			name = Frameworks;
			sourceTree = "<group>";
		};
		D06E140827E76F12009350E4 = {
			isa = PBXGroup;
			children = (
				D06E141327E76F13009350E4 /* 11_Notice */,
				D06E141227E76F13009350E4 /* Products */,
				DB1037B90E71E0C626F9957E /* Pods */,
				CB706E9CEDA38CFAC30D9410 /* Frameworks */,
			);
			sourceTree = "<group>";
		};
		D06E141227E76F13009350E4 /* Products */ = {
			isa = PBXGroup;
			children = (
				D06E141127E76F13009350E4 /* 11_Notice.app */,
			);
			name = Products;
			sourceTree = "<group>";
		};
		D06E141327E76F13009350E4 /* 11_Notice */ = {
			isa = PBXGroup;
			children = (
				D06E141427E76F13009350E4 /* AppDelegate.swift */,
				D06E141627E76F13009350E4 /* SceneDelegate.swift */,
				D06E141827E76F13009350E4 /* ViewController.swift */,
				D06E142827E76F4A009350E4 /* NoticeViewController.swift */,
				D06E142927E76F4A009350E4 /* NoticeViewController.xib */,
				D06E141A27E76F13009350E4 /* Main.storyboard */,
				D06E141D27E76F16009350E4 /* Assets.xcassets */,
				D06E141F27E76F16009350E4 /* LaunchScreen.storyboard */,
				D06E142227E76F16009350E4 /* Info.plist */,
				D06E142C27E77292009350E4 /* GoogleService-Info.plist */,
			);
			path = 11_Notice;
			sourceTree = "<group>";
		};
		DB1037B90E71E0C626F9957E /* Pods */ = {
			isa = PBXGroup;
			children = (
				AE0A2F2170441556DB8A5A5C /* Pods-11_Notice.debug.xcconfig */,
				D903EF8D2DDD260A120447C0 /* Pods-11_Notice.release.xcconfig */,
			);
			name = Pods;
			path = Pods;
			sourceTree = "<group>";
		};
/* End PBXGroup section */

/* Begin PBXNativeTarget section */
		D06E141027E76F13009350E4 /* 11_Notice */ = {
			isa = PBXNativeTarget;
			buildConfigurationList = D06E142527E76F16009350E4 /* Build configuration list for PBXNativeTarget "11_Notice" */;
			buildPhases = (
				3FB4E49D27B2BEDC5F4739C2 /* [CP] Check Pods Manifest.lock */,
				D06E140D27E76F13009350E4 /* Sources */,
				D06E140E27E76F13009350E4 /* Frameworks */,
				D06E140F27E76F13009350E4 /* Resources */,
				01457B819BFDFE2732E7C9A5 /* [CP] Embed Pods Frameworks */,
			);
			buildRules = (
			);
			dependencies = (
			);
			name = 11_Notice;
			productName = 11_Notice;
			productReference = D06E141127E76F13009350E4 /* 11_Notice.app */;
			productType = "com.apple.product-type.application";
		};
/* End PBXNativeTarget section */

/* Begin PBXProject section */
		D06E140927E76F12009350E4 /* Project object */ = {
			isa = PBXProject;
			attributes = {
				BuildIndependentTargetsInParallel = 1;
				LastSwiftUpdateCheck = 1330;
				LastUpgradeCheck = 1330;
				TargetAttributes = {
					D06E141027E76F13009350E4 = {
						CreatedOnToolsVersion = 13.3;
					};
				};
			};
			buildConfigurationList = D06E140C27E76F13009350E4 /* Build configuration list for PBXProject "11_Notice" */;
			compatibilityVersion = "Xcode 13.0";
			developmentRegion = en;
			hasScannedForEncodings = 0;
			knownRegions = (
				en,
				Base,
			);
			mainGroup = D06E140827E76F12009350E4;
			productRefGroup = D06E141227E76F13009350E4 /* Products */;
			projectDirPath = "";
			projectRoot = "";
			targets = (
				D06E141027E76F13009350E4 /* 11_Notice */,
			);
		};
/* End PBXProject section */

/* Begin PBXResourcesBuildPhase section */
		D06E140F27E76F13009350E4 /* Resources */ = {
			isa = PBXResourcesBuildPhase;
			buildActionMask = 2147483647;
			files = (
				D06E142127E76F16009350E4 /* LaunchScreen.storyboard in Resources */,
				D06E141E27E76F16009350E4 /* Assets.xcassets in Resources */,
				D06E142D27E77292009350E4 /* GoogleService-Info.plist in Resources */,
				D06E142B27E76F4A009350E4 /* NoticeViewController.xib in Resources */,
				D06E141C27E76F13009350E4 /* Main.storyboard in Resources */,
			);
			runOnlyForDeploymentPostprocessing = 0;
		};
/* End PBXResourcesBuildPhase section */

/* Begin PBXShellScriptBuildPhase section */
		01457B819BFDFE2732E7C9A5 /* [CP] Embed Pods Frameworks */ = {
			isa = PBXShellScriptBuildPhase;
			buildActionMask = 2147483647;
			files = (
			);
			inputFileListPaths = (
				"${PODS_ROOT}/Target Support Files/Pods-11_Notice/Pods-11_Notice-frameworks-${CONFIGURATION}-input-files.xcfilelist",
			);
			name = "[CP] Embed Pods Frameworks";
			outputFileListPaths = (
				"${PODS_ROOT}/Target Support Files/Pods-11_Notice/Pods-11_Notice-frameworks-${CONFIGURATION}-output-files.xcfilelist",
			);
			runOnlyForDeploymentPostprocessing = 0;
			shellPath = /bin/sh;
			shellScript = "\"${PODS_ROOT}/Target Support Files/Pods-11_Notice/Pods-11_Notice-frameworks.sh\"\n";
			showEnvVarsInLog = 0;
		};
		3FB4E49D27B2BEDC5F4739C2 /* [CP] Check Pods Manifest.lock */ = {
			isa = PBXShellScriptBuildPhase;
			buildActionMask = 2147483647;
			files = (
			);
			inputFileListPaths = (
			);
			inputPaths = (
				"${PODS_PODFILE_DIR_PATH}/Podfile.lock",
				"${PODS_ROOT}/Manifest.lock",
			);
			name = "[CP] Check Pods Manifest.lock";
			outputFileListPaths = (
			);
			outputPaths = (
				"$(DERIVED_FILE_DIR)/Pods-11_Notice-checkManifestLockResult.txt",
			);
			runOnlyForDeploymentPostprocessing = 0;
			shellPath = /bin/sh;
			shellScript = "diff \"${PODS_PODFILE_DIR_PATH}/Podfile.lock\" \"${PODS_ROOT}/Manifest.lock\" > /dev/null\nif [ $? != 0 ] ; then\n    # print error to STDERR\n    echo \"error: The sandbox is not in sync with the Podfile.lock. Run 'pod install' or update your CocoaPods installation.\" >&2\n    exit 1\nfi\n# This output is used by Xcode 'outputs' to avoid re-running this script phase.\necho \"SUCCESS\" > \"${SCRIPT_OUTPUT_FILE_0}\"\n";
			showEnvVarsInLog = 0;
		};
/* End PBXShellScriptBuildPhase section */

/* Begin PBXSourcesBuildPhase section */
		D06E140D27E76F13009350E4 /* Sources */ = {
			isa = PBXSourcesBuildPhase;
			buildActionMask = 2147483647;
			files = (
				D06E141927E76F13009350E4 /* ViewController.swift in Sources */,
				D06E141527E76F13009350E4 /* AppDelegate.swift in Sources */,
				D06E142A27E76F4A009350E4 /* NoticeViewController.swift in Sources */,
				D06E141727E76F13009350E4 /* SceneDelegate.swift in Sources */,
			);
			runOnlyForDeploymentPostprocessing = 0;
		};
/* End PBXSourcesBuildPhase section */

/* Begin PBXVariantGroup section */
		D06E141A27E76F13009350E4 /* Main.storyboard */ = {
			isa = PBXVariantGroup;
			children = (
				D06E141B27E76F13009350E4 /* Base */,
			);
			name = Main.storyboard;
			sourceTree = "<group>";
		};
		D06E141F27E76F16009350E4 /* LaunchScreen.storyboard */ = {
			isa = PBXVariantGroup;
			children = (
				D06E142027E76F16009350E4 /* Base */,
			);
			name = LaunchScreen.storyboard;
			sourceTree = "<group>";
		};
/* End PBXVariantGroup section */

/* Begin XCBuildConfiguration section */
		D06E142327E76F16009350E4 /* Debug */ = {
			isa = XCBuildConfiguration;
			buildSettings = {
				ALWAYS_SEARCH_USER_PATHS = NO;
				CLANG_ANALYZER_NONNULL = YES;
				CLANG_ANALYZER_NUMBER_OBJECT_CONVERSION = YES_AGGRESSIVE;
				CLANG_CXX_LANGUAGE_STANDARD = "gnu++17";
				CLANG_ENABLE_MODULES = YES;
				CLANG_ENABLE_OBJC_ARC = YES;
				CLANG_ENABLE_OBJC_WEAK = YES;
				CLANG_WARN_BLOCK_CAPTURE_AUTORELEASING = YES;
				CLANG_WARN_BOOL_CONVERSION = YES;
				CLANG_WARN_COMMA = YES;
				CLANG_WARN_CONSTANT_CONVERSION = YES;
				CLANG_WARN_DEPRECATED_OBJC_IMPLEMENTATIONS = YES;
				CLANG_WARN_DIRECT_OBJC_ISA_USAGE = YES_ERROR;
				CLANG_WARN_DOCUMENTATION_COMMENTS = YES;
				CLANG_WARN_EMPTY_BODY = YES;
				CLANG_WARN_ENUM_CONVERSION = YES;
				CLANG_WARN_INFINITE_RECURSION = YES;
				CLANG_WARN_INT_CONVERSION = YES;
				CLANG_WARN_NON_LITERAL_NULL_CONVERSION = YES;
				CLANG_WARN_OBJC_IMPLICIT_RETAIN_SELF = YES;
				CLANG_WARN_OBJC_LITERAL_CONVERSION = YES;
				CLANG_WARN_OBJC_ROOT_CLASS = YES_ERROR;
				CLANG_WARN_QUOTED_INCLUDE_IN_FRAMEWORK_HEADER = YES;
				CLANG_WARN_RANGE_LOOP_ANALYSIS = YES;
				CLANG_WARN_STRICT_PROTOTYPES = YES;
				CLANG_WARN_SUSPICIOUS_MOVE = YES;
				CLANG_WARN_UNGUARDED_AVAILABILITY = YES_AGGRESSIVE;
				CLANG_WARN_UNREACHABLE_CODE = YES;
				CLANG_WARN__DUPLICATE_METHOD_MATCH = YES;
				COPY_PHASE_STRIP = NO;
				DEBUG_INFORMATION_FORMAT = dwarf;
				ENABLE_STRICT_OBJC_MSGSEND = YES;
				ENABLE_TESTABILITY = YES;
				GCC_C_LANGUAGE_STANDARD = gnu11;
				GCC_DYNAMIC_NO_PIC = NO;
				GCC_NO_COMMON_BLOCKS = YES;
				GCC_OPTIMIZATION_LEVEL = 0;
				GCC_PREPROCESSOR_DEFINITIONS = (
					"DEBUG=1",
					"$(inherited)",
				);
				GCC_WARN_64_TO_32_BIT_CONVERSION = YES;
				GCC_WARN_ABOUT_RETURN_TYPE = YES_ERROR;
				GCC_WARN_UNDECLARED_SELECTOR = YES;
				GCC_WARN_UNINITIALIZED_AUTOS = YES_AGGRESSIVE;
				GCC_WARN_UNUSED_FUNCTION = YES;
				GCC_WARN_UNUSED_VARIABLE = YES;
				IPHONEOS_DEPLOYMENT_TARGET = 15.4;
				MTL_ENABLE_DEBUG_INFO = INCLUDE_SOURCE;
				MTL_FAST_MATH = YES;
				ONLY_ACTIVE_ARCH = YES;
				SDKROOT = iphoneos;
				SWIFT_ACTIVE_COMPILATION_CONDITIONS = DEBUG;
				SWIFT_OPTIMIZATION_LEVEL = "-Onone";
			};
			name = Debug;
		};
		D06E142427E76F16009350E4 /* Release */ = {
			isa = XCBuildConfiguration;
			buildSettings = {
				ALWAYS_SEARCH_USER_PATHS = NO;
				CLANG_ANALYZER_NONNULL = YES;
				CLANG_ANALYZER_NUMBER_OBJECT_CONVERSION = YES_AGGRESSIVE;
				CLANG_CXX_LANGUAGE_STANDARD = "gnu++17";
				CLANG_ENABLE_MODULES = YES;
				CLANG_ENABLE_OBJC_ARC = YES;
				CLANG_ENABLE_OBJC_WEAK = YES;
				CLANG_WARN_BLOCK_CAPTURE_AUTORELEASING = YES;
				CLANG_WARN_BOOL_CONVERSION = YES;
				CLANG_WARN_COMMA = YES;
				CLANG_WARN_CONSTANT_CONVERSION = YES;
				CLANG_WARN_DEPRECATED_OBJC_IMPLEMENTATIONS = YES;
				CLANG_WARN_DIRECT_OBJC_ISA_USAGE = YES_ERROR;
				CLANG_WARN_DOCUMENTATION_COMMENTS = YES;
				CLANG_WARN_EMPTY_BODY = YES;
				CLANG_WARN_ENUM_CONVERSION = YES;
				CLANG_WARN_INFINITE_RECURSION = YES;
				CLANG_WARN_INT_CONVERSION = YES;
				CLANG_WARN_NON_LITERAL_NULL_CONVERSION = YES;
				CLANG_WARN_OBJC_IMPLICIT_RETAIN_SELF = YES;
				CLANG_WARN_OBJC_LITERAL_CONVERSION = YES;
				CLANG_WARN_OBJC_ROOT_CLASS = YES_ERROR;
				CLANG_WARN_QUOTED_INCLUDE_IN_FRAMEWORK_HEADER = YES;
				CLANG_WARN_RANGE_LOOP_ANALYSIS = YES;
				CLANG_WARN_STRICT_PROTOTYPES = YES;
				CLANG_WARN_SUSPICIOUS_MOVE = YES;
				CLANG_WARN_UNGUARDED_AVAILABILITY = YES_AGGRESSIVE;
				CLANG_WARN_UNREACHABLE_CODE = YES;
				CLANG_WARN__DUPLICATE_METHOD_MATCH = YES;
				COPY_PHASE_STRIP = NO;
				DEBUG_INFORMATION_FORMAT = "dwarf-with-dsym";
				ENABLE_NS_ASSERTIONS = NO;
				ENABLE_STRICT_OBJC_MSGSEND = YES;
				GCC_C_LANGUAGE_STANDARD = gnu11;
				GCC_NO_COMMON_BLOCKS = YES;
				GCC_WARN_64_TO_32_BIT_CONVERSION = YES;
				GCC_WARN_ABOUT_RETURN_TYPE = YES_ERROR;
				GCC_WARN_UNDECLARED_SELECTOR = YES;
				GCC_WARN_UNINITIALIZED_AUTOS = YES_AGGRESSIVE;
				GCC_WARN_UNUSED_FUNCTION = YES;
				GCC_WARN_UNUSED_VARIABLE = YES;
				IPHONEOS_DEPLOYMENT_TARGET = 15.4;
				MTL_ENABLE_DEBUG_INFO = NO;
				MTL_FAST_MATH = YES;
				SDKROOT = iphoneos;
				SWIFT_COMPILATION_MODE = wholemodule;
				SWIFT_OPTIMIZATION_LEVEL = "-O";
				VALIDATE_PRODUCT = YES;
			};
			name = Release;
		};
		D06E142627E76F16009350E4 /* Debug */ = {
			isa = XCBuildConfiguration;
			baseConfigurationReference = AE0A2F2170441556DB8A5A5C /* Pods-11_Notice.debug.xcconfig */;
			buildSettings = {
				ASSETCATALOG_COMPILER_APPICON_NAME = AppIcon;
				ASSETCATALOG_COMPILER_GLOBAL_ACCENT_COLOR_NAME = AccentColor;
				CODE_SIGN_STYLE = Automatic;
				CURRENT_PROJECT_VERSION = 1;
				DEVELOPMENT_TEAM = G363Z4V6NY;
				GENERATE_INFOPLIST_FILE = YES;
				INFOPLIST_FILE = 11_Notice/Info.plist;
				INFOPLIST_KEY_UIApplicationSupportsIndirectInputEvents = YES;
				INFOPLIST_KEY_UILaunchStoryboardName = LaunchScreen;
				INFOPLIST_KEY_UIMainStoryboardFile = Main;
				INFOPLIST_KEY_UISupportedInterfaceOrientations = UIInterfaceOrientationPortrait;
				INFOPLIST_KEY_UISupportedInterfaceOrientations_iPad = "UIInterfaceOrientationPortrait UIInterfaceOrientationPortraitUpsideDown UIInterfaceOrientationLandscapeLeft UIInterfaceOrientationLandscapeRight";
				INFOPLIST_KEY_UISupportedInterfaceOrientations_iPhone = "UIInterfaceOrientationPortrait UIInterfaceOrientationLandscapeLeft UIInterfaceOrientationLandscapeRight";
				LD_RUNPATH_SEARCH_PATHS = (
					"$(inherited)",
					"@executable_path/Frameworks",
				);
				MARKETING_VERSION = 1.0;
				PRODUCT_BUNDLE_IDENTIFIER = "com.uniqueimaginate.-1-Notice";
				PRODUCT_NAME = "$(TARGET_NAME)";
				SWIFT_EMIT_LOC_STRINGS = YES;
				SWIFT_VERSION = 5.0;
				TARGETED_DEVICE_FAMILY = 1;
			};
			name = Debug;
		};
		D06E142727E76F16009350E4 /* Release */ = {
			isa = XCBuildConfiguration;
			baseConfigurationReference = D903EF8D2DDD260A120447C0 /* Pods-11_Notice.release.xcconfig */;
			buildSettings = {
				ASSETCATALOG_COMPILER_APPICON_NAME = AppIcon;
				ASSETCATALOG_COMPILER_GLOBAL_ACCENT_COLOR_NAME = AccentColor;
				CODE_SIGN_STYLE = Automatic;
				CURRENT_PROJECT_VERSION = 1;
				DEVELOPMENT_TEAM = G363Z4V6NY;
				GENERATE_INFOPLIST_FILE = YES;
				INFOPLIST_FILE = 11_Notice/Info.plist;
				INFOPLIST_KEY_UIApplicationSupportsIndirectInputEvents = YES;
				INFOPLIST_KEY_UILaunchStoryboardName = LaunchScreen;
				INFOPLIST_KEY_UIMainStoryboardFile = Main;
				INFOPLIST_KEY_UISupportedInterfaceOrientations = UIInterfaceOrientationPortrait;
				INFOPLIST_KEY_UISupportedInterfaceOrientations_iPad = "UIInterfaceOrientationPortrait UIInterfaceOrientationPortraitUpsideDown UIInterfaceOrientationLandscapeLeft UIInterfaceOrientationLandscapeRight";
				INFOPLIST_KEY_UISupportedInterfaceOrientations_iPhone = "UIInterfaceOrientationPortrait UIInterfaceOrientationLandscapeLeft UIInterfaceOrientationLandscapeRight";
				LD_RUNPATH_SEARCH_PATHS = (
					"$(inherited)",
					"@executable_path/Frameworks",
				);
				MARKETING_VERSION = 1.0;
				PRODUCT_BUNDLE_IDENTIFIER = "com.uniqueimaginate.-1-Notice";
				PRODUCT_NAME = "$(TARGET_NAME)";
				SWIFT_EMIT_LOC_STRINGS = YES;
				SWIFT_VERSION = 5.0;
				TARGETED_DEVICE_FAMILY = 1;
			};
			name = Release;
		};
/* End XCBuildConfiguration section */

/* Begin XCConfigurationList section */
		D06E140C27E76F13009350E4 /* Build configuration list for PBXProject "11_Notice" */ = {
			isa = XCConfigurationList;
			buildConfigurations = (
				D06E142327E76F16009350E4 /* Debug */,
				D06E142427E76F16009350E4 /* Release */,
			);
			defaultConfigurationIsVisible = 0;
			defaultConfigurationName = Release;
		};
		D06E142527E76F16009350E4 /* Build configuration list for PBXNativeTarget "11_Notice" */ = {
			isa = XCConfigurationList;
			buildConfigurations = (
				D06E142627E76F16009350E4 /* Debug */,
				D06E142727E76F16009350E4 /* Release */,
			);
			defaultConfigurationIsVisible = 0;
			defaultConfigurationName = Release;
		};
/* End XCConfigurationList section */
	};
	rootObject = D06E140927E76F12009350E4 /* Project object */;
}
