// !$*UTF8*$!
{
	archiveVersion = 1;
	classes = {
	};
	objectVersion = 55;
	objects = {

/* Begin PBXBuildFile section */
		452235B12D36D6C60C81DE16 /* Pods_SpotifyLoginSampleApp.framework in Frameworks */ = {isa = PBXBuildFile; fileRef = 5BA2B5EFA1C0E19C0D930FB2 /* Pods_SpotifyLoginSampleApp.framework */; };
		D0FAC59227BD2C06004A86FA /* AppDelegate.swift in Sources */ = {isa = PBXBuildFile; fileRef = D0FAC59127BD2C06004A86FA /* AppDelegate.swift */; };
		D0FAC59427BD2C06004A86FA /* SceneDelegate.swift in Sources */ = {isa = PBXBuildFile; fileRef = D0FAC59327BD2C06004A86FA /* SceneDelegate.swift */; };
		D0FAC59627BD2C06004A86FA /* ViewController.swift in Sources */ = {isa = PBXBuildFile; fileRef = D0FAC59527BD2C06004A86FA /* ViewController.swift */; };
		D0FAC59927BD2C06004A86FA /* Main.storyboard in Resources */ = {isa = PBXBuildFile; fileRef = D0FAC59727BD2C06004A86FA /* Main.storyboard */; };
		D0FAC59B27BD2C08004A86FA /* Assets.xcassets in Resources */ = {isa = PBXBuildFile; fileRef = D0FAC59A27BD2C08004A86FA /* Assets.xcassets */; };
		D0FAC59E27BD2C08004A86FA /* LaunchScreen.storyboard in Resources */ = {isa = PBXBuildFile; fileRef = D0FAC59C27BD2C08004A86FA /* LaunchScreen.storyboard */; };
		D0FAC5A627BD2C3B004A86FA /* LoginViewController.swift in Sources */ = {isa = PBXBuildFile; fileRef = D0FAC5A527BD2C3B004A86FA /* LoginViewController.swift */; };
		D0FAC5A827BD2FF1004A86FA /* EmailViewController.swift in Sources */ = {isa = PBXBuildFile; fileRef = D0FAC5A727BD2FF1004A86FA /* EmailViewController.swift */; };
		D0FAC5AA27BD37CA004A86FA /* MainViewController.swift in Sources */ = {isa = PBXBuildFile; fileRef = D0FAC5A927BD37CA004A86FA /* MainViewController.swift */; };
		D0FAC5AC27BD3BDA004A86FA /* GoogleService-Info.plist in Resources */ = {isa = PBXBuildFile; fileRef = D0FAC5AB27BD3BD9004A86FA /* GoogleService-Info.plist */; };
/* End PBXBuildFile section */

/* Begin PBXFileReference section */
		56DE9F964127E847DD424FC9 /* Pods-SpotifyLoginSampleApp.release.xcconfig */ = {isa = PBXFileReference; includeInIndex = 1; lastKnownFileType = text.xcconfig; name = "Pods-SpotifyLoginSampleApp.release.xcconfig"; path = "Target Support Files/Pods-SpotifyLoginSampleApp/Pods-SpotifyLoginSampleApp.release.xcconfig"; sourceTree = "<group>"; };
		5BA2B5EFA1C0E19C0D930FB2 /* Pods_SpotifyLoginSampleApp.framework */ = {isa = PBXFileReference; explicitFileType = wrapper.framework; includeInIndex = 0; path = Pods_SpotifyLoginSampleApp.framework; sourceTree = BUILT_PRODUCTS_DIR; };
		CAB0B2BA9FC0C9C73A462D03 /* Pods-SpotifyLoginSampleApp.debug.xcconfig */ = {isa = PBXFileReference; includeInIndex = 1; lastKnownFileType = text.xcconfig; name = "Pods-SpotifyLoginSampleApp.debug.xcconfig"; path = "Target Support Files/Pods-SpotifyLoginSampleApp/Pods-SpotifyLoginSampleApp.debug.xcconfig"; sourceTree = "<group>"; };
		D0FAC58E27BD2C06004A86FA /* SpotifyLoginSampleApp.app */ = {isa = PBXFileReference; explicitFileType = wrapper.application; includeInIndex = 0; path = SpotifyLoginSampleApp.app; sourceTree = BUILT_PRODUCTS_DIR; };
		D0FAC59127BD2C06004A86FA /* AppDelegate.swift */ = {isa = PBXFileReference; lastKnownFileType = sourcecode.swift; path = AppDelegate.swift; sourceTree = "<group>"; };
		D0FAC59327BD2C06004A86FA /* SceneDelegate.swift */ = {isa = PBXFileReference; lastKnownFileType = sourcecode.swift; path = SceneDelegate.swift; sourceTree = "<group>"; };
		D0FAC59527BD2C06004A86FA /* ViewController.swift */ = {isa = PBXFileReference; lastKnownFileType = sourcecode.swift; path = ViewController.swift; sourceTree = "<group>"; };
		D0FAC59827BD2C06004A86FA /* Base */ = {isa = PBXFileReference; lastKnownFileType = file.storyboard; name = Base; path = Base.lproj/Main.storyboard; sourceTree = "<group>"; };
		D0FAC59A27BD2C08004A86FA /* Assets.xcassets */ = {isa = PBXFileReference; lastKnownFileType = folder.assetcatalog; path = Assets.xcassets; sourceTree = "<group>"; };
		D0FAC59D27BD2C08004A86FA /* Base */ = {isa = PBXFileReference; lastKnownFileType = file.storyboard; name = Base; path = Base.lproj/LaunchScreen.storyboard; sourceTree = "<group>"; };
		D0FAC59F27BD2C08004A86FA /* Info.plist */ = {isa = PBXFileReference; lastKnownFileType = text.plist.xml; path = Info.plist; sourceTree = "<group>"; };
		D0FAC5A527BD2C3B004A86FA /* LoginViewController.swift */ = {isa = PBXFileReference; lastKnownFileType = sourcecode.swift; path = LoginViewController.swift; sourceTree = "<group>"; };
		D0FAC5A727BD2FF1004A86FA /* EmailViewController.swift */ = {isa = PBXFileReference; lastKnownFileType = sourcecode.swift; path = EmailViewController.swift; sourceTree = "<group>"; };
		D0FAC5A927BD37CA004A86FA /* MainViewController.swift */ = {isa = PBXFileReference; lastKnownFileType = sourcecode.swift; path = MainViewController.swift; sourceTree = "<group>"; };
		D0FAC5AB27BD3BD9004A86FA /* GoogleService-Info.plist */ = {isa = PBXFileReference; fileEncoding = 4; lastKnownFileType = text.plist.xml; path = "GoogleService-Info.plist"; sourceTree = "<group>"; };
/* End PBXFileReference section */

/* Begin PBXFrameworksBuildPhase section */
		D0FAC58B27BD2C06004A86FA /* Frameworks */ = {
			isa = PBXFrameworksBuildPhase;
			buildActionMask = 2147483647;
			files = (
				452235B12D36D6C60C81DE16 /* Pods_SpotifyLoginSampleApp.framework in Frameworks */,
			);
			runOnlyForDeploymentPostprocessing = 0;
		};
/* End PBXFrameworksBuildPhase section */

/* Begin PBXGroup section */
		55655E859BAA7C0B6ABF49D9 /* Frameworks */ = {
			isa = PBXGroup;
			children = (
				5BA2B5EFA1C0E19C0D930FB2 /* Pods_SpotifyLoginSampleApp.framework */,
			);
			name = Frameworks;
			sourceTree = "<group>";
		};
		70B643E5C24D57DE69534959 /* Pods */ = {
			isa = PBXGroup;
			children = (
				CAB0B2BA9FC0C9C73A462D03 /* Pods-SpotifyLoginSampleApp.debug.xcconfig */,
				56DE9F964127E847DD424FC9 /* Pods-SpotifyLoginSampleApp.release.xcconfig */,
			);
			path = Pods;
			sourceTree = "<group>";
		};
		D0FAC58527BD2C06004A86FA = {
			isa = PBXGroup;
			children = (
				D0FAC59027BD2C06004A86FA /* SpotifyLoginSampleApp */,
				D0FAC58F27BD2C06004A86FA /* Products */,
				70B643E5C24D57DE69534959 /* Pods */,
				55655E859BAA7C0B6ABF49D9 /* Frameworks */,
			);
			sourceTree = "<group>";
		};
		D0FAC58F27BD2C06004A86FA /* Products */ = {
			isa = PBXGroup;
			children = (
				D0FAC58E27BD2C06004A86FA /* SpotifyLoginSampleApp.app */,
			);
			name = Products;
			sourceTree = "<group>";
		};
		D0FAC59027BD2C06004A86FA /* SpotifyLoginSampleApp */ = {
			isa = PBXGroup;
			children = (
				D0FAC59127BD2C06004A86FA /* AppDelegate.swift */,
				D0FAC59327BD2C06004A86FA /* SceneDelegate.swift */,
				D0FAC59527BD2C06004A86FA /* ViewController.swift */,
				D0FAC59727BD2C06004A86FA /* Main.storyboard */,
				D0FAC5A527BD2C3B004A86FA /* LoginViewController.swift */,
				D0FAC5A727BD2FF1004A86FA /* EmailViewController.swift */,
				D0FAC5A927BD37CA004A86FA /* MainViewController.swift */,
				D0FAC59A27BD2C08004A86FA /* Assets.xcassets */,
				D0FAC59C27BD2C08004A86FA /* LaunchScreen.storyboard */,
				D0FAC59F27BD2C08004A86FA /* Info.plist */,
				D0FAC5AB27BD3BD9004A86FA /* GoogleService-Info.plist */,
			);
			path = SpotifyLoginSampleApp;
			sourceTree = "<group>";
		};
/* End PBXGroup section */

/* Begin PBXNativeTarget section */
		D0FAC58D27BD2C06004A86FA /* SpotifyLoginSampleApp */ = {
			isa = PBXNativeTarget;
			buildConfigurationList = D0FAC5A227BD2C08004A86FA /* Build configuration list for PBXNativeTarget "SpotifyLoginSampleApp" */;
			buildPhases = (
				ED1F317B989A9E6F4BC7CB10 /* [CP] Check Pods Manifest.lock */,
				D0FAC58A27BD2C06004A86FA /* Sources */,
				D0FAC58B27BD2C06004A86FA /* Frameworks */,
				D0FAC58C27BD2C06004A86FA /* Resources */,
				CB5D72A61A8C803EE1218379 /* [CP] Embed Pods Frameworks */,
			);
			buildRules = (
			);
			dependencies = (
			);
			name = SpotifyLoginSampleApp;
			productName = SpotifyLoginSampleApp;
			productReference = D0FAC58E27BD2C06004A86FA /* SpotifyLoginSampleApp.app */;
			productType = "com.apple.product-type.application";
		};
/* End PBXNativeTarget section */

/* Begin PBXProject section */
		D0FAC58627BD2C06004A86FA /* Project object */ = {
			isa = PBXProject;
			attributes = {
				BuildIndependentTargetsInParallel = 1;
				LastSwiftUpdateCheck = 1320;
				LastUpgradeCheck = 1320;
				TargetAttributes = {
					D0FAC58D27BD2C06004A86FA = {
						CreatedOnToolsVersion = 13.2.1;
					};
				};
			};
			buildConfigurationList = D0FAC58927BD2C06004A86FA /* Build configuration list for PBXProject "SpotifyLoginSampleApp" */;
			compatibilityVersion = "Xcode 13.0";
			developmentRegion = en;
			hasScannedForEncodings = 0;
			knownRegions = (
				en,
				Base,
			);
			mainGroup = D0FAC58527BD2C06004A86FA;
			productRefGroup = D0FAC58F27BD2C06004A86FA /* Products */;
			projectDirPath = "";
			projectRoot = "";
			targets = (
				D0FAC58D27BD2C06004A86FA /* SpotifyLoginSampleApp */,
			);
		};
/* End PBXProject section */

/* Begin PBXResourcesBuildPhase section */
		D0FAC58C27BD2C06004A86FA /* Resources */ = {
			isa = PBXResourcesBuildPhase;
			buildActionMask = 2147483647;
			files = (
				D0FAC59E27BD2C08004A86FA /* LaunchScreen.storyboard in Resources */,
				D0FAC5AC27BD3BDA004A86FA /* GoogleService-Info.plist in Resources */,
				D0FAC59B27BD2C08004A86FA /* Assets.xcassets in Resources */,
				D0FAC59927BD2C06004A86FA /* Main.storyboard in Resources */,
			);
			runOnlyForDeploymentPostprocessing = 0;
		};
/* End PBXResourcesBuildPhase section */

/* Begin PBXShellScriptBuildPhase section */
		CB5D72A61A8C803EE1218379 /* [CP] Embed Pods Frameworks */ = {
			isa = PBXShellScriptBuildPhase;
			buildActionMask = 2147483647;
			files = (
			);
			inputFileListPaths = (
				"${PODS_ROOT}/Target Support Files/Pods-SpotifyLoginSampleApp/Pods-SpotifyLoginSampleApp-frameworks-${CONFIGURATION}-input-files.xcfilelist",
			);
			name = "[CP] Embed Pods Frameworks";
			outputFileListPaths = (
				"${PODS_ROOT}/Target Support Files/Pods-SpotifyLoginSampleApp/Pods-SpotifyLoginSampleApp-frameworks-${CONFIGURATION}-output-files.xcfilelist",
			);
			runOnlyForDeploymentPostprocessing = 0;
			shellPath = /bin/sh;
			shellScript = "\"${PODS_ROOT}/Target Support Files/Pods-SpotifyLoginSampleApp/Pods-SpotifyLoginSampleApp-frameworks.sh\"\n";
			showEnvVarsInLog = 0;
		};
		ED1F317B989A9E6F4BC7CB10 /* [CP] Check Pods Manifest.lock */ = {
			isa = PBXShellScriptBuildPhase;
			buildActionMask = 2147483647;
			files = (
			);
			inputFileListPaths = (
			);
			inputPaths = (
				"${PODS_PODFILE_DIR_PATH}/Podfile.lock",
				"${PODS_ROOT}/Manifest.lock",
			);
			name = "[CP] Check Pods Manifest.lock";
			outputFileListPaths = (
			);
			outputPaths = (
				"$(DERIVED_FILE_DIR)/Pods-SpotifyLoginSampleApp-checkManifestLockResult.txt",
			);
			runOnlyForDeploymentPostprocessing = 0;
			shellPath = /bin/sh;
			shellScript = "diff \"${PODS_PODFILE_DIR_PATH}/Podfile.lock\" \"${PODS_ROOT}/Manifest.lock\" > /dev/null\nif [ $? != 0 ] ; then\n    # print error to STDERR\n    echo \"error: The sandbox is not in sync with the Podfile.lock. Run 'pod install' or update your CocoaPods installation.\" >&2\n    exit 1\nfi\n# This output is used by Xcode 'outputs' to avoid re-running this script phase.\necho \"SUCCESS\" > \"${SCRIPT_OUTPUT_FILE_0}\"\n";
			showEnvVarsInLog = 0;
		};
/* End PBXShellScriptBuildPhase section */

/* Begin PBXSourcesBuildPhase section */
		D0FAC58A27BD2C06004A86FA /* Sources */ = {
			isa = PBXSourcesBuildPhase;
			buildActionMask = 2147483647;
			files = (
				D0FAC5A627BD2C3B004A86FA /* LoginViewController.swift in Sources */,
				D0FAC59627BD2C06004A86FA /* ViewController.swift in Sources */,
				D0FAC59227BD2C06004A86FA /* AppDelegate.swift in Sources */,
				D0FAC5AA27BD37CA004A86FA /* MainViewController.swift in Sources */,
				D0FAC59427BD2C06004A86FA /* SceneDelegate.swift in Sources */,
				D0FAC5A827BD2FF1004A86FA /* EmailViewController.swift in Sources */,
			);
			runOnlyForDeploymentPostprocessing = 0;
		};
/* End PBXSourcesBuildPhase section */

/* Begin PBXVariantGroup section */
		D0FAC59727BD2C06004A86FA /* Main.storyboard */ = {
			isa = PBXVariantGroup;
			children = (
				D0FAC59827BD2C06004A86FA /* Base */,
			);
			name = Main.storyboard;
			sourceTree = "<group>";
		};
		D0FAC59C27BD2C08004A86FA /* LaunchScreen.storyboard */ = {
			isa = PBXVariantGroup;
			children = (
				D0FAC59D27BD2C08004A86FA /* Base */,
			);
			name = LaunchScreen.storyboard;
			sourceTree = "<group>";
		};
/* End PBXVariantGroup section */

/* Begin XCBuildConfiguration section */
		D0FAC5A027BD2C08004A86FA /* Debug */ = {
			isa = XCBuildConfiguration;
			buildSettings = {
				ALWAYS_SEARCH_USER_PATHS = NO;
				CLANG_ANALYZER_NONNULL = YES;
				CLANG_ANALYZER_NUMBER_OBJECT_CONVERSION = YES_AGGRESSIVE;
				CLANG_CXX_LANGUAGE_STANDARD = "gnu++17";
				CLANG_CXX_LIBRARY = "libc++";
				CLANG_ENABLE_MODULES = YES;
				CLANG_ENABLE_OBJC_ARC = YES;
				CLANG_ENABLE_OBJC_WEAK = YES;
				CLANG_WARN_BLOCK_CAPTURE_AUTORELEASING = YES;
				CLANG_WARN_BOOL_CONVERSION = YES;
				CLANG_WARN_COMMA = YES;
				CLANG_WARN_CONSTANT_CONVERSION = YES;
				CLANG_WARN_DEPRECATED_OBJC_IMPLEMENTATIONS = YES;
				CLANG_WARN_DIRECT_OBJC_ISA_USAGE = YES_ERROR;
				CLANG_WARN_DOCUMENTATION_COMMENTS = YES;
				CLANG_WARN_EMPTY_BODY = YES;
				CLANG_WARN_ENUM_CONVERSION = YES;
				CLANG_WARN_INFINITE_RECURSION = YES;
				CLANG_WARN_INT_CONVERSION = YES;
				CLANG_WARN_NON_LITERAL_NULL_CONVERSION = YES;
				CLANG_WARN_OBJC_IMPLICIT_RETAIN_SELF = YES;
				CLANG_WARN_OBJC_LITERAL_CONVERSION = YES;
				CLANG_WARN_OBJC_ROOT_CLASS = YES_ERROR;
				CLANG_WARN_QUOTED_INCLUDE_IN_FRAMEWORK_HEADER = YES;
				CLANG_WARN_RANGE_LOOP_ANALYSIS = YES;
				CLANG_WARN_STRICT_PROTOTYPES = YES;
				CLANG_WARN_SUSPICIOUS_MOVE = YES;
				CLANG_WARN_UNGUARDED_AVAILABILITY = YES_AGGRESSIVE;
				CLANG_WARN_UNREACHABLE_CODE = YES;
				CLANG_WARN__DUPLICATE_METHOD_MATCH = YES;
				COPY_PHASE_STRIP = NO;
				DEBUG_INFORMATION_FORMAT = dwarf;
				ENABLE_STRICT_OBJC_MSGSEND = YES;
				ENABLE_TESTABILITY = YES;
				GCC_C_LANGUAGE_STANDARD = gnu11;
				GCC_DYNAMIC_NO_PIC = NO;
				GCC_NO_COMMON_BLOCKS = YES;
				GCC_OPTIMIZATION_LEVEL = 0;
				GCC_PREPROCESSOR_DEFINITIONS = (
					"DEBUG=1",
					"$(inherited)",
				);
				GCC_WARN_64_TO_32_BIT_CONVERSION = YES;
				GCC_WARN_ABOUT_RETURN_TYPE = YES_ERROR;
				GCC_WARN_UNDECLARED_SELECTOR = YES;
				GCC_WARN_UNINITIALIZED_AUTOS = YES_AGGRESSIVE;
				GCC_WARN_UNUSED_FUNCTION = YES;
				GCC_WARN_UNUSED_VARIABLE = YES;
				IPHONEOS_DEPLOYMENT_TARGET = 15.2;
				MTL_ENABLE_DEBUG_INFO = INCLUDE_SOURCE;
				MTL_FAST_MATH = YES;
				ONLY_ACTIVE_ARCH = YES;
				SDKROOT = iphoneos;
				SWIFT_ACTIVE_COMPILATION_CONDITIONS = DEBUG;
				SWIFT_OPTIMIZATION_LEVEL = "-Onone";
			};
			name = Debug;
		};
		D0FAC5A127BD2C08004A86FA /* Release */ = {
			isa = XCBuildConfiguration;
			buildSettings = {
				ALWAYS_SEARCH_USER_PATHS = NO;
				CLANG_ANALYZER_NONNULL = YES;
				CLANG_ANALYZER_NUMBER_OBJECT_CONVERSION = YES_AGGRESSIVE;
				CLANG_CXX_LANGUAGE_STANDARD = "gnu++17";
				CLANG_CXX_LIBRARY = "libc++";
				CLANG_ENABLE_MODULES = YES;
				CLANG_ENABLE_OBJC_ARC = YES;
				CLANG_ENABLE_OBJC_WEAK = YES;
				CLANG_WARN_BLOCK_CAPTURE_AUTORELEASING = YES;
				CLANG_WARN_BOOL_CONVERSION = YES;
				CLANG_WARN_COMMA = YES;
				CLANG_WARN_CONSTANT_CONVERSION = YES;
				CLANG_WARN_DEPRECATED_OBJC_IMPLEMENTATIONS = YES;
				CLANG_WARN_DIRECT_OBJC_ISA_USAGE = YES_ERROR;
				CLANG_WARN_DOCUMENTATION_COMMENTS = YES;
				CLANG_WARN_EMPTY_BODY = YES;
				CLANG_WARN_ENUM_CONVERSION = YES;
				CLANG_WARN_INFINITE_RECURSION = YES;
				CLANG_WARN_INT_CONVERSION = YES;
				CLANG_WARN_NON_LITERAL_NULL_CONVERSION = YES;
				CLANG_WARN_OBJC_IMPLICIT_RETAIN_SELF = YES;
				CLANG_WARN_OBJC_LITERAL_CONVERSION = YES;
				CLANG_WARN_OBJC_ROOT_CLASS = YES_ERROR;
				CLANG_WARN_QUOTED_INCLUDE_IN_FRAMEWORK_HEADER = YES;
				CLANG_WARN_RANGE_LOOP_ANALYSIS = YES;
				CLANG_WARN_STRICT_PROTOTYPES = YES;
				CLANG_WARN_SUSPICIOUS_MOVE = YES;
				CLANG_WARN_UNGUARDED_AVAILABILITY = YES_AGGRESSIVE;
				CLANG_WARN_UNREACHABLE_CODE = YES;
				CLANG_WARN__DUPLICATE_METHOD_MATCH = YES;
				COPY_PHASE_STRIP = NO;
				DEBUG_INFORMATION_FORMAT = "dwarf-with-dsym";
				ENABLE_NS_ASSERTIONS = NO;
				ENABLE_STRICT_OBJC_MSGSEND = YES;
				GCC_C_LANGUAGE_STANDARD = gnu11;
				GCC_NO_COMMON_BLOCKS = YES;
				GCC_WARN_64_TO_32_BIT_CONVERSION = YES;
				GCC_WARN_ABOUT_RETURN_TYPE = YES_ERROR;
				GCC_WARN_UNDECLARED_SELECTOR = YES;
				GCC_WARN_UNINITIALIZED_AUTOS = YES_AGGRESSIVE;
				GCC_WARN_UNUSED_FUNCTION = YES;
				GCC_WARN_UNUSED_VARIABLE = YES;
				IPHONEOS_DEPLOYMENT_TARGET = 15.2;
				MTL_ENABLE_DEBUG_INFO = NO;
				MTL_FAST_MATH = YES;
				SDKROOT = iphoneos;
				SWIFT_COMPILATION_MODE = wholemodule;
				SWIFT_OPTIMIZATION_LEVEL = "-O";
				VALIDATE_PRODUCT = YES;
			};
			name = Release;
		};
		D0FAC5A327BD2C08004A86FA /* Debug */ = {
			isa = XCBuildConfiguration;
			baseConfigurationReference = CAB0B2BA9FC0C9C73A462D03 /* Pods-SpotifyLoginSampleApp.debug.xcconfig */;
			buildSettings = {
				ASSETCATALOG_COMPILER_APPICON_NAME = AppIcon;
				ASSETCATALOG_COMPILER_GLOBAL_ACCENT_COLOR_NAME = AccentColor;
				CODE_SIGN_STYLE = Automatic;
				CURRENT_PROJECT_VERSION = 1;
				DEVELOPMENT_TEAM = G363Z4V6NY;
				GENERATE_INFOPLIST_FILE = YES;
				INFOPLIST_FILE = SpotifyLoginSampleApp/Info.plist;
				INFOPLIST_KEY_UIApplicationSupportsIndirectInputEvents = YES;
				INFOPLIST_KEY_UILaunchStoryboardName = LaunchScreen;
				INFOPLIST_KEY_UIMainStoryboardFile = Main;
				INFOPLIST_KEY_UISupportedInterfaceOrientations_iPad = "UIInterfaceOrientationPortrait UIInterfaceOrientationPortraitUpsideDown UIInterfaceOrientationLandscapeLeft UIInterfaceOrientationLandscapeRight";
				INFOPLIST_KEY_UISupportedInterfaceOrientations_iPhone = "UIInterfaceOrientationPortrait UIInterfaceOrientationLandscapeLeft UIInterfaceOrientationLandscapeRight";
				LD_RUNPATH_SEARCH_PATHS = (
					"$(inherited)",
					"@executable_path/Frameworks",
				);
				MARKETING_VERSION = 1.0;
				PRODUCT_BUNDLE_IDENTIFIER = com.uniqueimaginate.SpotifyLoginSampleApp;
				PRODUCT_NAME = "$(TARGET_NAME)";
				SWIFT_EMIT_LOC_STRINGS = YES;
				SWIFT_VERSION = 5.0;
				TARGETED_DEVICE_FAMILY = "1,2";
			};
			name = Debug;
		};
		D0FAC5A427BD2C08004A86FA /* Release */ = {
			isa = XCBuildConfiguration;
			baseConfigurationReference = 56DE9F964127E847DD424FC9 /* Pods-SpotifyLoginSampleApp.release.xcconfig */;
			buildSettings = {
				ASSETCATALOG_COMPILER_APPICON_NAME = AppIcon;
				ASSETCATALOG_COMPILER_GLOBAL_ACCENT_COLOR_NAME = AccentColor;
				CODE_SIGN_STYLE = Automatic;
				CURRENT_PROJECT_VERSION = 1;
				DEVELOPMENT_TEAM = G363Z4V6NY;
				GENERATE_INFOPLIST_FILE = YES;
				INFOPLIST_FILE = SpotifyLoginSampleApp/Info.plist;
				INFOPLIST_KEY_UIApplicationSupportsIndirectInputEvents = YES;
				INFOPLIST_KEY_UILaunchStoryboardName = LaunchScreen;
				INFOPLIST_KEY_UIMainStoryboardFile = Main;
				INFOPLIST_KEY_UISupportedInterfaceOrientations_iPad = "UIInterfaceOrientationPortrait UIInterfaceOrientationPortraitUpsideDown UIInterfaceOrientationLandscapeLeft UIInterfaceOrientationLandscapeRight";
				INFOPLIST_KEY_UISupportedInterfaceOrientations_iPhone = "UIInterfaceOrientationPortrait UIInterfaceOrientationLandscapeLeft UIInterfaceOrientationLandscapeRight";
				LD_RUNPATH_SEARCH_PATHS = (
					"$(inherited)",
					"@executable_path/Frameworks",
				);
				MARKETING_VERSION = 1.0;
				PRODUCT_BUNDLE_IDENTIFIER = com.uniqueimaginate.SpotifyLoginSampleApp;
				PRODUCT_NAME = "$(TARGET_NAME)";
				SWIFT_EMIT_LOC_STRINGS = YES;
				SWIFT_VERSION = 5.0;
				TARGETED_DEVICE_FAMILY = "1,2";
			};
			name = Release;
		};
/* End XCBuildConfiguration section */

/* Begin XCConfigurationList section */
		D0FAC58927BD2C06004A86FA /* Build configuration list for PBXProject "SpotifyLoginSampleApp" */ = {
			isa = XCConfigurationList;
			buildConfigurations = (
				D0FAC5A027BD2C08004A86FA /* Debug */,
				D0FAC5A127BD2C08004A86FA /* Release */,
			);
			defaultConfigurationIsVisible = 0;
			defaultConfigurationName = Release;
		};
		D0FAC5A227BD2C08004A86FA /* Build configuration list for PBXNativeTarget "SpotifyLoginSampleApp" */ = {
			isa = XCConfigurationList;
			buildConfigurations = (
				D0FAC5A327BD2C08004A86FA /* Debug */,
				D0FAC5A427BD2C08004A86FA /* Release */,
			);
			defaultConfigurationIsVisible = 0;
			defaultConfigurationName = Release;
		};
/* End XCConfigurationList section */
	};
	rootObject = D0FAC58627BD2C06004A86FA /* Project object */;
}
